{
  "version": 4,
  "terraform_version": "1.6.3",
  "serial": 62,
  "lineage": "0ef19491-862b-17e1-f570-0387a7370aca",
  "outputs": {},
  "resources": [
    {
      "mode": "data",
      "type": "aws_iam_policy",
      "name": "threetas3readonly",
      "provider": "provider[\"registry.terraform.io/hashicorp/aws\"]",
      "instances": [
        {
          "schema_version": 0,
          "attributes": {
            "arn": "arn:aws:iam::aws:policy/AmazonS3ReadOnlyAccess",
            "description": "Provides read only access to all buckets via the AWS Management Console.",
            "id": "arn:aws:iam::aws:policy/AmazonS3ReadOnlyAccess",
            "name": "AmazonS3ReadOnlyAccess",
            "path": "/",
            "path_prefix": null,
            "policy": "{\n\t\"Version\": \"2012-10-17\",\n\t\"Statement\": [\n\t\t{\n\t\t\t\"Effect\": \"Allow\",\n\t\t\t\"Action\": [\n\t\t\t\t\"s3:Get*\",\n\t\t\t\t\"s3:List*\",\n\t\t\t\t\"s3:Describe*\",\n\t\t\t\t\"s3-object-lambda:Get*\",\n\t\t\t\t\"s3-object-lambda:List*\"\n\t\t\t],\n\t\t\t\"Resource\": \"*\"\n\t\t}\n\t]\n}",
            "policy_id": "ANPAIZTJ4DXE7G6AGAE6M",
            "tags": {}
          },
          "sensitive_attributes": []
        }
      ]
    },
    {
      "mode": "data",
      "type": "aws_iam_policy",
      "name": "threetassm",
      "provider": "provider[\"registry.terraform.io/hashicorp/aws\"]",
      "instances": [
        {
          "schema_version": 0,
          "attributes": {
            "arn": "arn:aws:iam::aws:policy/AmazonSSMManagedInstanceCore",
            "description": "The policy for Amazon EC2 Role to enable AWS Systems Manager service core functionality.",
            "id": "arn:aws:iam::aws:policy/AmazonSSMManagedInstanceCore",
            "name": "AmazonSSMManagedInstanceCore",
            "path": "/",
            "path_prefix": null,
            "policy": "{\n    \"Version\": \"2012-10-17\",\n    \"Statement\": [\n        {\n            \"Effect\": \"Allow\",\n            \"Action\": [\n                \"ssm:DescribeAssociation\",\n                \"ssm:GetDeployablePatchSnapshotForInstance\",\n                \"ssm:GetDocument\",\n                \"ssm:DescribeDocument\",\n                \"ssm:GetManifest\",\n                \"ssm:GetParameter\",\n                \"ssm:GetParameters\",\n                \"ssm:ListAssociations\",\n                \"ssm:ListInstanceAssociations\",\n                \"ssm:PutInventory\",\n                \"ssm:PutComplianceItems\",\n                \"ssm:PutConfigurePackageResult\",\n                \"ssm:UpdateAssociationStatus\",\n                \"ssm:UpdateInstanceAssociationStatus\",\n                \"ssm:UpdateInstanceInformation\"\n            ],\n            \"Resource\": \"*\"\n        },\n        {\n            \"Effect\": \"Allow\",\n            \"Action\": [\n                \"ssmmessages:CreateControlChannel\",\n                \"ssmmessages:CreateDataChannel\",\n                \"ssmmessages:OpenControlChannel\",\n                \"ssmmessages:OpenDataChannel\"\n            ],\n            \"Resource\": \"*\"\n        },\n        {\n            \"Effect\": \"Allow\",\n            \"Action\": [\n                \"ec2messages:AcknowledgeMessage\",\n                \"ec2messages:DeleteMessage\",\n                \"ec2messages:FailMessage\",\n                \"ec2messages:GetEndpoint\",\n                \"ec2messages:GetMessages\",\n                \"ec2messages:SendReply\"\n            ],\n            \"Resource\": \"*\"\n        }\n    ]\n}",
            "policy_id": "ANPAIXSHM2BNB2D3AXXRU",
            "tags": {}
          },
          "sensitive_attributes": []
        }
      ]
    },
    {
      "mode": "data",
      "type": "aws_iam_policy_document",
      "name": "threetatrustedentities",
      "provider": "provider[\"registry.terraform.io/hashicorp/aws\"]",
      "instances": [
        {
          "schema_version": 0,
          "attributes": {
            "id": "1443847869",
            "json": "{\n  \"Version\": \"2012-10-17\",\n  \"Statement\": [\n    {\n      \"Effect\": \"Allow\",\n      \"Action\": \"sts:AssumeRole\",\n      \"Principal\": {\n        \"Service\": \"ec2.amazonaws.com\"\n      }\n    }\n  ]\n}",
            "override_policy_documents": null,
            "policy_id": null,
            "source_policy_documents": null,
            "statement": [
              {
                "actions": [
                  "sts:AssumeRole"
                ],
                "condition": [],
                "effect": "Allow",
                "not_actions": [],
                "not_principals": [],
                "not_resources": [],
                "principals": [
                  {
                    "identifiers": [
                      "ec2.amazonaws.com"
                    ],
                    "type": "Service"
                  }
                ],
                "resources": [],
                "sid": ""
              }
            ],
            "version": "2012-10-17"
          },
          "sensitive_attributes": []
        }
      ]
    },
    {
      "mode": "data",
      "type": "aws_ssm_parameter",
      "name": "rds_password",
      "provider": "provider[\"registry.terraform.io/hashicorp/aws\"]",
      "instances": [
        {
          "schema_version": 0,
          "attributes": {
            "arn": "arn:aws:ssm:eu-central-1:506820257931:parameter/rds_password",
            "id": "rds_password",
            "insecure_value": "",
            "name": "rds_password",
            "type": "SecureString",
            "value": "NewPassword123",
            "version": 3,
            "with_decryption": true
          },
          "sensitive_attributes": []
        }
      ]
    },
    {
      "mode": "data",
      "type": "aws_ssm_parameter",
      "name": "rds_username",
      "provider": "provider[\"registry.terraform.io/hashicorp/aws\"]",
      "instances": [
        {
          "schema_version": 0,
          "attributes": {
            "arn": "arn:aws:ssm:eu-central-1:506820257931:parameter/rds_username",
            "id": "rds_username",
            "insecure_value": "",
            "name": "rds_username",
            "type": "SecureString",
            "value": "admin",
            "version": 1,
            "with_decryption": true
          },
          "sensitive_attributes": []
        }
      ]
    },
    {
      "mode": "data",
      "type": "http",
      "name": "icanhazip",
      "provider": "provider[\"registry.terraform.io/hashicorp/http\"]",
      "instances": [
        {
          "schema_version": 0,
          "attributes": {
            "body": "95.90.248.35\n",
            "ca_cert_pem": null,
            "id": "https://ipv4.icanhazip.com",
            "insecure": null,
            "method": null,
            "request_body": null,
            "request_headers": null,
            "request_timeout_ms": null,
            "response_body": "95.90.248.35\n",
            "response_body_base64": "OTUuOTAuMjQ4LjM1Cg==",
            "response_headers": {
              "Access-Control-Allow-Methods": "GET",
              "Access-Control-Allow-Origin": "*",
              "Alt-Svc": "h3=\":443\"; ma=86400",
              "Cf-Ray": "8485807cdfac4528-TXL",
              "Content-Length": "13",
              "Content-Type": "text/plain",
              "Date": "Sat, 20 Jan 2024 07:11:10 GMT",
              "Server": "cloudflare",
              "Set-Cookie": "__cf_bm=ApWWvVcr4RgtY5HwqpEBaQgTkdW.HzXEZUtij4KMpGE-1705734670-1-AQwb9ONpXpj671RG8n372jzqc8dmWi04hQr7hxhEdEHwg/mZjQv24tZzHrRoBR6TVnR3RIi+sFQ52rON4yQqGwM=; path=/; expires=Sat, 20-Jan-24 07:41:10 GMT; domain=.icanhazip.com; HttpOnly; Secure; SameSite=None",
              "Vary": "Accept-Encoding"
            },
            "retry": null,
            "status_code": 200,
            "url": "https://ipv4.icanhazip.com"
          },
          "sensitive_attributes": []
        }
      ]
    },
    {
      "mode": "managed",
      "type": "aws_ami_from_instance",
      "name": "threeta_app_ami",
      "provider": "provider[\"registry.terraform.io/hashicorp/aws\"]",
      "instances": [
        {
          "schema_version": 0,
          "attributes": {
            "architecture": "x86_64",
            "arn": "arn:aws:ec2:eu-central-1::image/ami-06eb78316c451ba37",
            "boot_mode": "",
            "deprecation_time": "",
            "description": "App Tier",
            "ebs_block_device": [
              {
                "delete_on_termination": true,
                "device_name": "/dev/xvda",
                "encrypted": false,
                "iops": 0,
                "outpost_arn": "",
                "snapshot_id": "snap-0c9b6612a7bb3e17b",
                "throughput": 0,
                "volume_size": 8,
                "volume_type": "gp2"
              }
            ],
            "ena_support": true,
            "ephemeral_block_device": [],
            "hypervisor": "xen",
            "id": "ami-06eb78316c451ba37",
            "image_location": "506820257931/AppTierImage",
            "image_owner_alias": "",
            "image_type": "machine",
            "imds_support": "",
            "kernel_id": "",
            "manage_ebs_snapshots": true,
            "name": "AppTierImage",
            "owner_id": "506820257931",
            "platform": "",
            "platform_details": "Linux/UNIX",
            "public": false,
            "ramdisk_id": "",
            "root_device_name": "/dev/xvda",
            "root_snapshot_id": "snap-0c9b6612a7bb3e17b",
            "snapshot_without_reboot": null,
            "source_instance_id": "i-08f03f15143db86bc",
            "sriov_net_support": "simple",
            "tags": null,
            "tags_all": {},
            "timeouts": null,
            "tpm_support": "",
            "usage_operation": "RunInstances",
            "virtualization_type": "hvm"
          },
          "sensitive_attributes": [],
          "private": "eyJlMmJmYjczMC1lY2FhLTExZTYtOGY4OC0zNDM2M2JjN2M0YzAiOnsiY3JlYXRlIjoyNDAwMDAwMDAwMDAwLCJkZWxldGUiOjU0MDAwMDAwMDAwMDAsInVwZGF0ZSI6MjQwMDAwMDAwMDAwMH19",
          "dependencies": [
            "aws_db_subnet_group.db_subnet_group",
            "aws_iam_instance_profile.instance_profile",
            "aws_iam_role.threeta_iam_ec2_instance_role",
            "aws_instance.apptier",
            "aws_lb.threeta_intlb",
            "aws_rds_cluster.dbcluster",
            "aws_rds_cluster_instance.dbclusterinstance",
            "aws_security_group.db-sg",
            "aws_security_group.internallb-sg",
            "aws_security_group.internetlb-sg",
            "aws_security_group.private-instance-sg",
            "aws_security_group.webtier-sg",
            "aws_ssm_parameter.my_ip_address",
            "aws_subnet.private_db_subnet_az_1",
            "aws_subnet.private_db_subnet_az_2",
            "aws_subnet.private_subnet_az_1",
            "aws_subnet.private_subnet_az_2",
            "aws_vpc.threetierarch_vpc",
            "data.aws_iam_policy.threetas3readonly",
            "data.aws_iam_policy.threetassm",
            "data.aws_iam_policy_document.threetatrustedentities",
            "data.aws_ssm_parameter.rds_password",
            "data.aws_ssm_parameter.rds_username",
            "data.http.icanhazip"
          ]
        }
      ]
    },
    {
      "mode": "managed",
      "type": "aws_ami_from_instance",
      "name": "threeta_web_ami",
      "provider": "provider[\"registry.terraform.io/hashicorp/aws\"]",
      "instances": [
        {
          "schema_version": 0,
          "attributes": {
            "architecture": "x86_64",
            "arn": "arn:aws:ec2:eu-central-1::image/ami-0110c8a33e9dde8f9",
            "boot_mode": "",
            "deprecation_time": "",
            "description": "Image of our Web Tier Instance",
            "ebs_block_device": [
              {
                "delete_on_termination": true,
                "device_name": "/dev/xvda",
                "encrypted": false,
                "iops": 0,
                "outpost_arn": "",
                "snapshot_id": "snap-06e22486474c7ed84",
                "throughput": 0,
                "volume_size": 8,
                "volume_type": "gp2"
              }
            ],
            "ena_support": true,
            "ephemeral_block_device": [],
            "hypervisor": "xen",
            "id": "ami-0110c8a33e9dde8f9",
            "image_location": "506820257931/WebTierImage",
            "image_owner_alias": "",
            "image_type": "machine",
            "imds_support": "",
            "kernel_id": "",
            "manage_ebs_snapshots": true,
            "name": "WebTierImage",
            "owner_id": "506820257931",
            "platform": "",
            "platform_details": "Linux/UNIX",
            "public": false,
            "ramdisk_id": "",
            "root_device_name": "/dev/xvda",
            "root_snapshot_id": "snap-06e22486474c7ed84",
            "snapshot_without_reboot": null,
            "source_instance_id": "i-081a71cc88181a051",
            "sriov_net_support": "simple",
            "tags": null,
            "tags_all": {},
            "timeouts": null,
            "tpm_support": "",
            "usage_operation": "RunInstances",
            "virtualization_type": "hvm"
          },
          "sensitive_attributes": [],
          "private": "eyJlMmJmYjczMC1lY2FhLTExZTYtOGY4OC0zNDM2M2JjN2M0YzAiOnsiY3JlYXRlIjoyNDAwMDAwMDAwMDAwLCJkZWxldGUiOjU0MDAwMDAwMDAwMDAsInVwZGF0ZSI6MjQwMDAwMDAwMDAwMH19",
          "dependencies": [
            "aws_db_subnet_group.db_subnet_group",
            "aws_iam_instance_profile.instance_profile",
            "aws_iam_role.threeta_iam_ec2_instance_role",
            "aws_instance.apptier",
            "aws_instance.webtier",
            "aws_lb.threeta_extlb",
            "aws_lb.threeta_intlb",
            "aws_rds_cluster.dbcluster",
            "aws_rds_cluster_instance.dbclusterinstance",
            "aws_security_group.db-sg",
            "aws_security_group.internallb-sg",
            "aws_security_group.internetlb-sg",
            "aws_security_group.private-instance-sg",
            "aws_security_group.webtier-sg",
            "aws_ssm_parameter.my_ip_address",
            "aws_subnet.private_db_subnet_az_1",
            "aws_subnet.private_db_subnet_az_2",
            "aws_subnet.private_subnet_az_1",
            "aws_subnet.private_subnet_az_2",
            "aws_subnet.public_subnet_az_1",
            "aws_subnet.public_subnet_az_2",
            "aws_vpc.threetierarch_vpc",
            "data.aws_iam_policy.threetas3readonly",
            "data.aws_iam_policy.threetassm",
            "data.aws_iam_policy_document.threetatrustedentities",
            "data.aws_ssm_parameter.rds_password",
            "data.aws_ssm_parameter.rds_username",
            "data.http.icanhazip"
          ]
        }
      ]
    },
    {
      "mode": "managed",
      "type": "aws_autoscaling_group",
      "name": "threeta_int_asg",
      "provider": "provider[\"registry.terraform.io/hashicorp/aws\"]",
      "instances": [
        {
          "schema_version": 1,
          "attributes": {
            "arn": "arn:aws:autoscaling:eu-central-1:506820257931:autoScalingGroup:7a227083-688e-43d1-86af-ed6d503f7626:autoScalingGroupName/AppTierASG",
            "availability_zones": [
              "eu-central-1a",
              "eu-central-1b"
            ],
            "capacity_rebalance": false,
            "context": "",
            "default_cooldown": 300,
            "default_instance_warmup": 0,
            "desired_capacity": 2,
            "desired_capacity_type": "",
            "enabled_metrics": null,
            "force_delete": false,
            "force_delete_warm_pool": false,
            "health_check_grace_period": 300,
            "health_check_type": "EC2",
            "id": "AppTierASG",
            "ignore_failed_scaling_activities": false,
            "initial_lifecycle_hook": [],
            "instance_maintenance_policy": [],
            "instance_refresh": [],
            "launch_configuration": "",
            "launch_template": [
              {
                "id": "lt-04fd481b9844644bc",
                "name": "3TA-App-Launch-Template",
                "version": "$Latest"
              }
            ],
            "load_balancers": [],
            "max_instance_lifetime": 0,
            "max_size": 2,
            "metrics_granularity": "1Minute",
            "min_elb_capacity": null,
            "min_size": 2,
            "mixed_instances_policy": [],
            "name": "AppTierASG",
            "name_prefix": "",
            "placement_group": "",
            "predicted_capacity": 0,
            "protect_from_scale_in": false,
            "service_linked_role_arn": "arn:aws:iam::506820257931:role/aws-service-role/autoscaling.amazonaws.com/AWSServiceRoleForAutoScaling",
            "suspended_processes": null,
            "tag": [],
            "target_group_arns": [
              "arn:aws:elasticloadbalancing:eu-central-1:506820257931:targetgroup/AppTierTargetGroup/56ee82b2d1fc43f3"
            ],
            "termination_policies": null,
            "timeouts": null,
            "traffic_source": [
              {
                "identifier": "arn:aws:elasticloadbalancing:eu-central-1:506820257931:targetgroup/AppTierTargetGroup/56ee82b2d1fc43f3",
                "type": "elbv2"
              }
            ],
            "vpc_zone_identifier": [
              "subnet-0584fff05640b8a8f",
              "subnet-088dff1f24234fd21"
            ],
            "wait_for_capacity_timeout": "10m",
            "wait_for_elb_capacity": null,
            "warm_pool": [],
            "warm_pool_size": 0
          },
          "sensitive_attributes": [],
          "private": "eyJlMmJmYjczMC1lY2FhLTExZTYtOGY4OC0zNDM2M2JjN2M0YzAiOnsiZGVsZXRlIjo2MDAwMDAwMDAwMDAsInVwZGF0ZSI6NjAwMDAwMDAwMDAwfSwic2NoZW1hX3ZlcnNpb24iOiIxIn0=",
          "dependencies": [
            "aws_ami_from_instance.threeta_app_ami",
            "aws_db_subnet_group.db_subnet_group",
            "aws_iam_instance_profile.instance_profile",
            "aws_iam_role.threeta_iam_ec2_instance_role",
            "aws_instance.apptier",
            "aws_launch_template.threeta-app-launch",
            "aws_lb.threeta_intlb",
            "aws_lb_target_group.threeta_app_tier_target_group",
            "aws_rds_cluster.dbcluster",
            "aws_rds_cluster_instance.dbclusterinstance",
            "aws_security_group.db-sg",
            "aws_security_group.internallb-sg",
            "aws_security_group.internetlb-sg",
            "aws_security_group.private-instance-sg",
            "aws_security_group.webtier-sg",
            "aws_ssm_parameter.my_ip_address",
            "aws_subnet.private_db_subnet_az_1",
            "aws_subnet.private_db_subnet_az_2",
            "aws_subnet.private_subnet_az_1",
            "aws_subnet.private_subnet_az_2",
            "aws_vpc.threetierarch_vpc",
            "data.aws_iam_policy.threetas3readonly",
            "data.aws_iam_policy.threetassm",
            "data.aws_iam_policy_document.threetatrustedentities",
            "data.aws_ssm_parameter.rds_password",
            "data.aws_ssm_parameter.rds_username",
            "data.http.icanhazip"
          ]
        }
      ]
    },
    {
      "mode": "managed",
      "type": "aws_autoscaling_group",
      "name": "threeta_web_asg",
      "provider": "provider[\"registry.terraform.io/hashicorp/aws\"]",
      "instances": [
        {
          "schema_version": 1,
          "attributes": {
            "arn": "arn:aws:autoscaling:eu-central-1:506820257931:autoScalingGroup:ea9b990e-dc68-4b28-ae54-e70b70bbe660:autoScalingGroupName/WebTierASG",
            "availability_zones": [
              "eu-central-1a",
              "eu-central-1b"
            ],
            "capacity_rebalance": false,
            "context": "",
            "default_cooldown": 300,
            "default_instance_warmup": 0,
            "desired_capacity": 2,
            "desired_capacity_type": "",
            "enabled_metrics": null,
            "force_delete": false,
            "force_delete_warm_pool": false,
            "health_check_grace_period": 300,
            "health_check_type": "EC2",
            "id": "WebTierASG",
            "ignore_failed_scaling_activities": false,
            "initial_lifecycle_hook": [],
            "instance_maintenance_policy": [],
            "instance_refresh": [],
            "launch_configuration": "",
            "launch_template": [
              {
                "id": "lt-0c18c998193d52c17",
                "name": "3TA-Web-Launch-Template",
                "version": "$Latest"
              }
            ],
            "load_balancers": [],
            "max_instance_lifetime": 0,
            "max_size": 2,
            "metrics_granularity": "1Minute",
            "min_elb_capacity": null,
            "min_size": 2,
            "mixed_instances_policy": [],
            "name": "WebTierASG",
            "name_prefix": "",
            "placement_group": "",
            "predicted_capacity": 0,
            "protect_from_scale_in": false,
            "service_linked_role_arn": "arn:aws:iam::506820257931:role/aws-service-role/autoscaling.amazonaws.com/AWSServiceRoleForAutoScaling",
            "suspended_processes": null,
            "tag": [],
            "target_group_arns": [
              "arn:aws:elasticloadbalancing:eu-central-1:506820257931:targetgroup/WebTierTargetGroup/9d509a615b2ee7a2"
            ],
            "termination_policies": null,
            "timeouts": null,
            "traffic_source": [
              {
                "identifier": "arn:aws:elasticloadbalancing:eu-central-1:506820257931:targetgroup/WebTierTargetGroup/9d509a615b2ee7a2",
                "type": "elbv2"
              }
            ],
            "vpc_zone_identifier": [
              "subnet-03d8d775aba0a08c3",
              "subnet-0b8d18baaf3270830"
            ],
            "wait_for_capacity_timeout": "10m",
            "wait_for_elb_capacity": null,
            "warm_pool": [],
            "warm_pool_size": 0
          },
          "sensitive_attributes": [],
          "private": "eyJlMmJmYjczMC1lY2FhLTExZTYtOGY4OC0zNDM2M2JjN2M0YzAiOnsiZGVsZXRlIjo2MDAwMDAwMDAwMDAsInVwZGF0ZSI6NjAwMDAwMDAwMDAwfSwic2NoZW1hX3ZlcnNpb24iOiIxIn0=",
          "dependencies": [
            "aws_ami_from_instance.threeta_web_ami",
            "aws_db_subnet_group.db_subnet_group",
            "aws_iam_instance_profile.instance_profile",
            "aws_iam_role.threeta_iam_ec2_instance_role",
            "aws_instance.apptier",
            "aws_instance.webtier",
            "aws_launch_template.threeta-web-launch",
            "aws_lb.threeta_extlb",
            "aws_lb.threeta_intlb",
            "aws_lb_target_group.threeta_web_tier_target_group",
            "aws_rds_cluster.dbcluster",
            "aws_rds_cluster_instance.dbclusterinstance",
            "aws_security_group.db-sg",
            "aws_security_group.internallb-sg",
            "aws_security_group.internetlb-sg",
            "aws_security_group.private-instance-sg",
            "aws_security_group.webtier-sg",
            "aws_ssm_parameter.my_ip_address",
            "aws_subnet.private_db_subnet_az_1",
            "aws_subnet.private_db_subnet_az_2",
            "aws_subnet.private_subnet_az_1",
            "aws_subnet.private_subnet_az_2",
            "aws_subnet.public_subnet_az_1",
            "aws_subnet.public_subnet_az_2",
            "aws_vpc.threetierarch_vpc",
            "data.aws_iam_policy.threetas3readonly",
            "data.aws_iam_policy.threetassm",
            "data.aws_iam_policy_document.threetatrustedentities",
            "data.aws_ssm_parameter.rds_password",
            "data.aws_ssm_parameter.rds_username",
            "data.http.icanhazip"
          ]
        }
      ]
    },
    {
      "mode": "managed",
      "type": "aws_db_subnet_group",
      "name": "db_subnet_group",
      "provider": "provider[\"registry.terraform.io/hashicorp/aws\"]",
      "instances": [
        {
          "schema_version": 0,
          "attributes": {
            "arn": "arn:aws:rds:eu-central-1:506820257931:subgrp:threeta-db-subnet-group",
            "description": "Subnet group for the database layer of the architecture.",
            "id": "threeta-db-subnet-group",
            "name": "threeta-db-subnet-group",
            "name_prefix": "",
            "subnet_ids": [
              "subnet-0ea494e67738bde69",
              "subnet-0fe22c96e13c9f979"
            ],
            "supported_network_types": [
              "IPV4"
            ],
            "tags": {},
            "tags_all": {},
            "vpc_id": "vpc-0d5db24cc9c07063a"
          },
          "sensitive_attributes": [],
          "private": "bnVsbA==",
          "dependencies": [
            "aws_subnet.private_db_subnet_az_1",
            "aws_subnet.private_db_subnet_az_2",
            "aws_vpc.threetierarch_vpc"
          ]
        }
      ]
    },
    {
      "mode": "managed",
      "type": "aws_eip",
      "name": "eip1",
      "provider": "provider[\"registry.terraform.io/hashicorp/aws\"]",
      "instances": [
        {
          "schema_version": 0,
          "attributes": {
            "address": null,
            "allocation_id": "eipalloc-089955ebaaa1f593c",
            "associate_with_private_ip": null,
            "association_id": "eipassoc-0c6796283cc4130e1",
            "carrier_ip": "",
            "customer_owned_ip": "",
            "customer_owned_ipv4_pool": "",
            "domain": "vpc",
            "id": "eipalloc-089955ebaaa1f593c",
            "instance": "",
            "network_border_group": "eu-central-1",
            "network_interface": "eni-04bf83df76e4b5383",
            "private_dns": "ip-10-20-0-120.eu-central-1.compute.internal",
            "private_ip": "10.20.0.120",
            "public_dns": "ec2-3-71-235-33.eu-central-1.compute.amazonaws.com",
            "public_ip": "3.71.235.33",
            "public_ipv4_pool": "amazon",
            "tags": {
              "Name": "3TA-EIP1"
            },
            "tags_all": {
              "Name": "3TA-EIP1"
            },
            "timeouts": null,
            "vpc": true
          },
          "sensitive_attributes": [],
          "private": "eyJlMmJmYjczMC1lY2FhLTExZTYtOGY4OC0zNDM2M2JjN2M0YzAiOnsiZGVsZXRlIjoxODAwMDAwMDAwMDAsInJlYWQiOjkwMDAwMDAwMDAwMCwidXBkYXRlIjozMDAwMDAwMDAwMDB9fQ==",
          "dependencies": [
            "aws_internet_gateway.igw",
            "aws_vpc.threetierarch_vpc"
          ]
        }
      ]
    },
    {
      "mode": "managed",
      "type": "aws_eip",
      "name": "eip2",
      "provider": "provider[\"registry.terraform.io/hashicorp/aws\"]",
      "instances": [
        {
          "schema_version": 0,
          "attributes": {
            "address": null,
            "allocation_id": "eipalloc-0e17dfc56fb99c3cc",
            "associate_with_private_ip": null,
            "association_id": "eipassoc-0ee7b3c30c3827cec",
            "carrier_ip": "",
            "customer_owned_ip": "",
            "customer_owned_ipv4_pool": "",
            "domain": "vpc",
            "id": "eipalloc-0e17dfc56fb99c3cc",
            "instance": "",
            "network_border_group": "eu-central-1",
            "network_interface": "eni-030872aa020fc3474",
            "private_dns": "ip-10-20-3-233.eu-central-1.compute.internal",
            "private_ip": "10.20.3.233",
            "public_dns": "ec2-3-121-55-91.eu-central-1.compute.amazonaws.com",
            "public_ip": "3.121.55.91",
            "public_ipv4_pool": "amazon",
            "tags": {
              "Name": "3TA-EIP2"
            },
            "tags_all": {
              "Name": "3TA-EIP2"
            },
            "timeouts": null,
            "vpc": true
          },
          "sensitive_attributes": [],
          "private": "eyJlMmJmYjczMC1lY2FhLTExZTYtOGY4OC0zNDM2M2JjN2M0YzAiOnsiZGVsZXRlIjoxODAwMDAwMDAwMDAsInJlYWQiOjkwMDAwMDAwMDAwMCwidXBkYXRlIjozMDAwMDAwMDAwMDB9fQ==",
          "dependencies": [
            "aws_internet_gateway.igw",
            "aws_vpc.threetierarch_vpc"
          ]
        }
      ]
    },
    {
      "mode": "managed",
      "type": "aws_iam_instance_profile",
      "name": "instance_profile",
      "provider": "provider[\"registry.terraform.io/hashicorp/aws\"]",
      "instances": [
        {
          "schema_version": 0,
          "attributes": {
            "arn": "arn:aws:iam::506820257931:instance-profile/3TA-Instance-Profile",
            "create_date": "2024-01-20T06:13:26Z",
            "id": "3TA-Instance-Profile",
            "name": "3TA-Instance-Profile",
            "name_prefix": "",
            "path": "/",
            "role": "3TA-IAM-EC2-Instance-Role",
            "tags": {},
            "tags_all": {},
            "unique_id": "AIPAXMAGXNCFSMEJ42OFD"
          },
          "sensitive_attributes": [],
          "private": "bnVsbA==",
          "dependencies": [
            "aws_iam_role.threeta_iam_ec2_instance_role",
            "data.aws_iam_policy.threetas3readonly",
            "data.aws_iam_policy.threetassm",
            "data.aws_iam_policy_document.threetatrustedentities"
          ]
        }
      ]
    },
    {
      "mode": "managed",
      "type": "aws_iam_role",
      "name": "threeta_iam_ec2_instance_role",
      "provider": "provider[\"registry.terraform.io/hashicorp/aws\"]",
      "instances": [
        {
          "schema_version": 0,
          "attributes": {
            "arn": "arn:aws:iam::506820257931:role/system/3TA-IAM-EC2-Instance-Role",
            "assume_role_policy": "{\"Statement\":[{\"Action\":\"sts:AssumeRole\",\"Effect\":\"Allow\",\"Principal\":{\"Service\":\"ec2.amazonaws.com\"}}],\"Version\":\"2012-10-17\"}",
            "create_date": "2024-01-20T06:13:25Z",
            "description": "",
            "force_detach_policies": false,
            "id": "3TA-IAM-EC2-Instance-Role",
            "inline_policy": [],
            "managed_policy_arns": [
              "arn:aws:iam::aws:policy/AmazonS3ReadOnlyAccess",
              "arn:aws:iam::aws:policy/AmazonSSMManagedInstanceCore"
            ],
            "max_session_duration": 3600,
            "name": "3TA-IAM-EC2-Instance-Role",
            "name_prefix": "",
            "path": "/system/",
            "permissions_boundary": "",
            "tags": {},
            "tags_all": {},
            "unique_id": "AROAXMAGXNCF6CT32QBQD"
          },
          "sensitive_attributes": [],
          "private": "bnVsbA==",
          "dependencies": [
            "data.aws_iam_policy.threetas3readonly",
            "data.aws_iam_policy.threetassm",
            "data.aws_iam_policy_document.threetatrustedentities"
          ]
        }
      ]
    },
    {
      "mode": "managed",
      "type": "aws_instance",
      "name": "apptier",
      "provider": "provider[\"registry.terraform.io/hashicorp/aws\"]",
      "instances": [
        {
          "schema_version": 1,
          "attributes": {
            "ami": "ami-04075458d3b9f6a5b",
            "arn": "arn:aws:ec2:eu-central-1:506820257931:instance/i-08f03f15143db86bc",
            "associate_public_ip_address": false,
            "availability_zone": "eu-central-1a",
            "capacity_reservation_specification": [
              {
                "capacity_reservation_preference": "open",
                "capacity_reservation_target": []
              }
            ],
            "cpu_core_count": 1,
            "cpu_options": [
              {
                "amd_sev_snp": "",
                "core_count": 1,
                "threads_per_core": 1
              }
            ],
            "cpu_threads_per_core": 1,
            "credit_specification": [
              {
                "cpu_credits": "standard"
              }
            ],
            "disable_api_stop": false,
            "disable_api_termination": false,
            "ebs_block_device": [],
            "ebs_optimized": false,
            "enclave_options": [
              {
                "enabled": false
              }
            ],
            "ephemeral_block_device": [],
            "get_password_data": false,
            "hibernation": false,
            "host_id": "",
            "host_resource_group_arn": null,
            "iam_instance_profile": "3TA-Instance-Profile",
            "id": "i-08f03f15143db86bc",
            "instance_initiated_shutdown_behavior": "stop",
            "instance_lifecycle": "",
            "instance_market_options": [],
            "instance_state": "running",
            "instance_type": "t2.micro",
            "ipv6_address_count": 0,
            "ipv6_addresses": [],
            "key_name": "",
            "launch_template": [],
            "maintenance_options": [
              {
                "auto_recovery": "default"
              }
            ],
            "metadata_options": [
              {
                "http_endpoint": "enabled",
                "http_protocol_ipv6": "disabled",
                "http_put_response_hop_limit": 1,
                "http_tokens": "optional",
                "instance_metadata_tags": "disabled"
              }
            ],
            "monitoring": false,
            "network_interface": [],
            "outpost_arn": "",
            "password_data": "",
            "placement_group": "",
            "placement_partition_number": 0,
            "primary_network_interface_id": "eni-0c297dcc524aec249",
            "private_dns": "ip-10-20-1-127.eu-central-1.compute.internal",
            "private_dns_name_options": [
              {
                "enable_resource_name_dns_a_record": false,
                "enable_resource_name_dns_aaaa_record": false,
                "hostname_type": "ip-name"
              }
            ],
            "private_ip": "10.20.1.127",
            "public_dns": "",
            "public_ip": "",
            "root_block_device": [
              {
                "delete_on_termination": true,
                "device_name": "/dev/xvda",
                "encrypted": false,
                "iops": 100,
                "kms_key_id": "",
                "tags": {},
                "throughput": 0,
                "volume_id": "vol-03e9415db812dd558",
                "volume_size": 8,
                "volume_type": "gp2"
              }
            ],
            "secondary_private_ips": [],
            "security_groups": [],
            "source_dest_check": true,
            "spot_instance_request_id": "",
            "subnet_id": "subnet-0584fff05640b8a8f",
            "tags": {
              "Name": "AppLayer"
            },
            "tags_all": {
              "Name": "AppLayer"
            },
            "tenancy": "default",
            "timeouts": null,
            "user_data": "1af3203b5e6c4af7fd2533757034e9cb1972a859",
            "user_data_base64": null,
            "user_data_replace_on_change": false,
            "volume_tags": null,
            "vpc_security_group_ids": [
              "sg-0505c74bc3a8e3cba"
            ]
          },
          "sensitive_attributes": [
            [
              {
                "type": "get_attr",
                "value": "user_data"
              }
            ]
          ],
          "private": "eyJlMmJmYjczMC1lY2FhLTExZTYtOGY4OC0zNDM2M2JjN2M0YzAiOnsiY3JlYXRlIjo2MDAwMDAwMDAwMDAsImRlbGV0ZSI6MTIwMDAwMDAwMDAwMCwidXBkYXRlIjo2MDAwMDAwMDAwMDB9LCJzY2hlbWFfdmVyc2lvbiI6IjEifQ==",
          "dependencies": [
            "aws_db_subnet_group.db_subnet_group",
            "aws_iam_instance_profile.instance_profile",
            "aws_iam_role.threeta_iam_ec2_instance_role",
            "aws_rds_cluster.dbcluster",
            "aws_rds_cluster_instance.dbclusterinstance",
            "aws_security_group.db-sg",
            "aws_security_group.internallb-sg",
            "aws_security_group.internetlb-sg",
            "aws_security_group.private-instance-sg",
            "aws_security_group.webtier-sg",
            "aws_ssm_parameter.my_ip_address",
            "aws_subnet.private_db_subnet_az_1",
            "aws_subnet.private_db_subnet_az_2",
            "aws_subnet.private_subnet_az_1",
            "aws_vpc.threetierarch_vpc",
            "data.aws_iam_policy.threetas3readonly",
            "data.aws_iam_policy.threetassm",
            "data.aws_iam_policy_document.threetatrustedentities",
            "data.aws_ssm_parameter.rds_password",
            "data.aws_ssm_parameter.rds_username",
            "data.http.icanhazip"
          ]
        }
      ]
    },
    {
      "mode": "managed",
      "type": "aws_instance",
      "name": "webtier",
      "provider": "provider[\"registry.terraform.io/hashicorp/aws\"]",
      "instances": [
        {
          "schema_version": 1,
          "attributes": {
            "ami": "ami-04075458d3b9f6a5b",
            "arn": "arn:aws:ec2:eu-central-1:506820257931:instance/i-081a71cc88181a051",
            "associate_public_ip_address": true,
            "availability_zone": "eu-central-1a",
            "capacity_reservation_specification": [
              {
                "capacity_reservation_preference": "open",
                "capacity_reservation_target": []
              }
            ],
            "cpu_core_count": 1,
            "cpu_options": [
              {
                "amd_sev_snp": "",
                "core_count": 1,
                "threads_per_core": 1
              }
            ],
            "cpu_threads_per_core": 1,
            "credit_specification": [
              {
                "cpu_credits": "standard"
              }
            ],
            "disable_api_stop": false,
            "disable_api_termination": false,
            "ebs_block_device": [],
            "ebs_optimized": false,
            "enclave_options": [
              {
                "enabled": false
              }
            ],
            "ephemeral_block_device": [],
            "get_password_data": false,
            "hibernation": false,
            "host_id": "",
            "host_resource_group_arn": null,
            "iam_instance_profile": "3TA-Instance-Profile",
            "id": "i-081a71cc88181a051",
            "instance_initiated_shutdown_behavior": "stop",
            "instance_lifecycle": "",
            "instance_market_options": [],
            "instance_state": "running",
            "instance_type": "t2.micro",
            "ipv6_address_count": 0,
            "ipv6_addresses": [],
            "key_name": "",
            "launch_template": [],
            "maintenance_options": [
              {
                "auto_recovery": "default"
              }
            ],
            "metadata_options": [
              {
                "http_endpoint": "enabled",
                "http_protocol_ipv6": "disabled",
                "http_put_response_hop_limit": 1,
                "http_tokens": "optional",
                "instance_metadata_tags": "disabled"
              }
            ],
            "monitoring": false,
            "network_interface": [],
            "outpost_arn": "",
            "password_data": "",
            "placement_group": "",
            "placement_partition_number": 0,
            "primary_network_interface_id": "eni-039cd85472e4a8f9b",
            "private_dns": "ip-10-20-0-115.eu-central-1.compute.internal",
            "private_dns_name_options": [
              {
                "enable_resource_name_dns_a_record": false,
                "enable_resource_name_dns_aaaa_record": false,
                "hostname_type": "ip-name"
              }
            ],
            "private_ip": "10.20.0.115",
            "public_dns": "",
            "public_ip": "3.67.113.208",
            "root_block_device": [
              {
                "delete_on_termination": true,
                "device_name": "/dev/xvda",
                "encrypted": false,
                "iops": 100,
                "kms_key_id": "",
                "tags": {},
                "throughput": 0,
                "volume_id": "vol-0c3c775fd7a5b8d6a",
                "volume_size": 8,
                "volume_type": "gp2"
              }
            ],
            "secondary_private_ips": [],
            "security_groups": [],
            "source_dest_check": true,
            "spot_instance_request_id": "",
            "subnet_id": "subnet-0b8d18baaf3270830",
            "tags": {
              "Name": "WebLayer"
            },
            "tags_all": {
              "Name": "WebLayer"
            },
            "tenancy": "default",
            "timeouts": null,
            "user_data": "5298725112f7a901309449904f0c385ccd66ffb4",
            "user_data_base64": null,
            "user_data_replace_on_change": false,
            "volume_tags": null,
            "vpc_security_group_ids": [
              "sg-09ba7d9fe95eb44b5"
            ]
          },
          "sensitive_attributes": [],
          "private": "eyJlMmJmYjczMC1lY2FhLTExZTYtOGY4OC0zNDM2M2JjN2M0YzAiOnsiY3JlYXRlIjo2MDAwMDAwMDAwMDAsImRlbGV0ZSI6MTIwMDAwMDAwMDAwMCwidXBkYXRlIjo2MDAwMDAwMDAwMDB9LCJzY2hlbWFfdmVyc2lvbiI6IjEifQ==",
          "dependencies": [
            "aws_db_subnet_group.db_subnet_group",
            "aws_iam_instance_profile.instance_profile",
            "aws_iam_role.threeta_iam_ec2_instance_role",
            "aws_instance.apptier",
            "aws_lb.threeta_intlb",
            "aws_rds_cluster.dbcluster",
            "aws_rds_cluster_instance.dbclusterinstance",
            "aws_security_group.db-sg",
            "aws_security_group.internallb-sg",
            "aws_security_group.internetlb-sg",
            "aws_security_group.private-instance-sg",
            "aws_security_group.webtier-sg",
            "aws_ssm_parameter.my_ip_address",
            "aws_subnet.private_db_subnet_az_1",
            "aws_subnet.private_db_subnet_az_2",
            "aws_subnet.private_subnet_az_1",
            "aws_subnet.private_subnet_az_2",
            "aws_subnet.public_subnet_az_1",
            "aws_vpc.threetierarch_vpc",
            "data.aws_iam_policy.threetas3readonly",
            "data.aws_iam_policy.threetassm",
            "data.aws_iam_policy_document.threetatrustedentities",
            "data.aws_ssm_parameter.rds_password",
            "data.aws_ssm_parameter.rds_username",
            "data.http.icanhazip"
          ]
        }
      ]
    },
    {
      "mode": "managed",
      "type": "aws_internet_gateway",
      "name": "igw",
      "provider": "provider[\"registry.terraform.io/hashicorp/aws\"]",
      "instances": [
        {
          "schema_version": 0,
          "attributes": {
            "arn": "arn:aws:ec2:eu-central-1:506820257931:internet-gateway/igw-04126186d9dfa0de0",
            "id": "igw-04126186d9dfa0de0",
            "owner_id": "506820257931",
            "tags": {
              "Name": "3TA-IGW"
            },
            "tags_all": {
              "Name": "3TA-IGW"
            },
            "timeouts": null,
            "vpc_id": "vpc-0d5db24cc9c07063a"
          },
          "sensitive_attributes": [],
          "private": "eyJlMmJmYjczMC1lY2FhLTExZTYtOGY4OC0zNDM2M2JjN2M0YzAiOnsiY3JlYXRlIjoxMjAwMDAwMDAwMDAwLCJkZWxldGUiOjEyMDAwMDAwMDAwMDAsInVwZGF0ZSI6MTIwMDAwMDAwMDAwMH19",
          "dependencies": [
            "aws_vpc.threetierarch_vpc"
          ]
        }
      ]
    },
    {
      "mode": "managed",
      "type": "aws_launch_template",
      "name": "threeta-app-launch",
      "provider": "provider[\"registry.terraform.io/hashicorp/aws\"]",
      "instances": [
        {
          "schema_version": 0,
          "attributes": {
            "arn": "arn:aws:ec2:eu-central-1:506820257931:launch-template/lt-04fd481b9844644bc",
            "block_device_mappings": [],
            "capacity_reservation_specification": [],
            "cpu_options": [],
            "credit_specification": [],
            "default_version": 1,
            "description": "",
            "disable_api_stop": false,
            "disable_api_termination": false,
            "ebs_optimized": "",
            "elastic_gpu_specifications": [],
            "elastic_inference_accelerator": [],
            "enclave_options": [],
            "hibernation_options": [],
            "iam_instance_profile": [
              {
                "arn": "arn:aws:iam::506820257931:instance-profile/3TA-Instance-Profile",
                "name": ""
              }
            ],
            "id": "lt-04fd481b9844644bc",
            "image_id": "ami-06eb78316c451ba37",
            "instance_initiated_shutdown_behavior": "",
            "instance_market_options": [],
            "instance_requirements": [],
            "instance_type": "t2.micro",
            "kernel_id": "",
            "key_name": "",
            "latest_version": 1,
            "license_specification": [],
            "maintenance_options": [],
            "metadata_options": [],
            "monitoring": [],
            "name": "3TA-App-Launch-Template",
            "name_prefix": "",
            "network_interfaces": [],
            "placement": [],
            "private_dns_name_options": [],
            "ram_disk_id": "",
            "security_group_names": null,
            "tag_specifications": [],
            "tags": null,
            "tags_all": {},
            "update_default_version": null,
            "user_data": "",
            "vpc_security_group_ids": [
              "sg-0505c74bc3a8e3cba"
            ]
          },
          "sensitive_attributes": [],
          "private": "bnVsbA==",
          "dependencies": [
            "aws_ami_from_instance.threeta_app_ami",
            "aws_db_subnet_group.db_subnet_group",
            "aws_iam_instance_profile.instance_profile",
            "aws_iam_role.threeta_iam_ec2_instance_role",
            "aws_instance.apptier",
            "aws_lb.threeta_intlb",
            "aws_rds_cluster.dbcluster",
            "aws_rds_cluster_instance.dbclusterinstance",
            "aws_security_group.db-sg",
            "aws_security_group.internallb-sg",
            "aws_security_group.internetlb-sg",
            "aws_security_group.private-instance-sg",
            "aws_security_group.webtier-sg",
            "aws_ssm_parameter.my_ip_address",
            "aws_subnet.private_db_subnet_az_1",
            "aws_subnet.private_db_subnet_az_2",
            "aws_subnet.private_subnet_az_1",
            "aws_subnet.private_subnet_az_2",
            "aws_vpc.threetierarch_vpc",
            "data.aws_iam_policy.threetas3readonly",
            "data.aws_iam_policy.threetassm",
            "data.aws_iam_policy_document.threetatrustedentities",
            "data.aws_ssm_parameter.rds_password",
            "data.aws_ssm_parameter.rds_username",
            "data.http.icanhazip"
          ]
        }
      ]
    },
    {
      "mode": "managed",
      "type": "aws_launch_template",
      "name": "threeta-web-launch",
      "provider": "provider[\"registry.terraform.io/hashicorp/aws\"]",
      "instances": [
        {
          "schema_version": 0,
          "attributes": {
            "arn": "arn:aws:ec2:eu-central-1:506820257931:launch-template/lt-0c18c998193d52c17",
            "block_device_mappings": [],
            "capacity_reservation_specification": [],
            "cpu_options": [],
            "credit_specification": [],
            "default_version": 1,
            "description": "",
            "disable_api_stop": false,
            "disable_api_termination": false,
            "ebs_optimized": "",
            "elastic_gpu_specifications": [],
            "elastic_inference_accelerator": [],
            "enclave_options": [],
            "hibernation_options": [],
            "iam_instance_profile": [
              {
                "arn": "arn:aws:iam::506820257931:instance-profile/3TA-Instance-Profile",
                "name": ""
              }
            ],
            "id": "lt-0c18c998193d52c17",
            "image_id": "ami-0110c8a33e9dde8f9",
            "instance_initiated_shutdown_behavior": "",
            "instance_market_options": [],
            "instance_requirements": [],
            "instance_type": "t2.micro",
            "kernel_id": "",
            "key_name": "",
            "latest_version": 1,
            "license_specification": [],
            "maintenance_options": [],
            "metadata_options": [],
            "monitoring": [],
            "name": "3TA-Web-Launch-Template",
            "name_prefix": "",
            "network_interfaces": [],
            "placement": [],
            "private_dns_name_options": [],
            "ram_disk_id": "",
            "security_group_names": null,
            "tag_specifications": [],
            "tags": null,
            "tags_all": {},
            "update_default_version": null,
            "user_data": "",
            "vpc_security_group_ids": [
              "sg-09ba7d9fe95eb44b5"
            ]
          },
          "sensitive_attributes": [],
          "private": "bnVsbA==",
          "dependencies": [
            "aws_ami_from_instance.threeta_web_ami",
            "aws_db_subnet_group.db_subnet_group",
            "aws_iam_instance_profile.instance_profile",
            "aws_iam_role.threeta_iam_ec2_instance_role",
            "aws_instance.apptier",
            "aws_instance.webtier",
            "aws_lb.threeta_extlb",
            "aws_lb.threeta_intlb",
            "aws_rds_cluster.dbcluster",
            "aws_rds_cluster_instance.dbclusterinstance",
            "aws_security_group.db-sg",
            "aws_security_group.internallb-sg",
            "aws_security_group.internetlb-sg",
            "aws_security_group.private-instance-sg",
            "aws_security_group.webtier-sg",
            "aws_ssm_parameter.my_ip_address",
            "aws_subnet.private_db_subnet_az_1",
            "aws_subnet.private_db_subnet_az_2",
            "aws_subnet.private_subnet_az_1",
            "aws_subnet.private_subnet_az_2",
            "aws_subnet.public_subnet_az_1",
            "aws_subnet.public_subnet_az_2",
            "aws_vpc.threetierarch_vpc",
            "data.aws_iam_policy.threetas3readonly",
            "data.aws_iam_policy.threetassm",
            "data.aws_iam_policy_document.threetatrustedentities",
            "data.aws_ssm_parameter.rds_password",
            "data.aws_ssm_parameter.rds_username",
            "data.http.icanhazip"
          ]
        }
      ]
    },
    {
      "mode": "managed",
      "type": "aws_lb",
      "name": "threeta_extlb",
      "provider": "provider[\"registry.terraform.io/hashicorp/aws\"]",
      "instances": [
        {
          "schema_version": 0,
          "attributes": {
            "access_logs": [
              {
                "bucket": "",
                "enabled": false,
                "prefix": ""
              }
            ],
            "arn": "arn:aws:elasticloadbalancing:eu-central-1:506820257931:loadbalancer/app/web-tier-external-lb/b1e816841de86044",
            "arn_suffix": "app/web-tier-external-lb/b1e816841de86044",
            "connection_logs": [
              {
                "bucket": "",
                "enabled": false,
                "prefix": ""
              }
            ],
            "customer_owned_ipv4_pool": "",
            "desync_mitigation_mode": "defensive",
            "dns_name": "web-tier-external-lb-1608949266.eu-central-1.elb.amazonaws.com",
            "dns_record_client_routing_policy": null,
            "drop_invalid_header_fields": false,
            "enable_cross_zone_load_balancing": true,
            "enable_deletion_protection": false,
            "enable_http2": true,
            "enable_tls_version_and_cipher_suite_headers": false,
            "enable_waf_fail_open": false,
            "enable_xff_client_port": false,
            "enforce_security_group_inbound_rules_on_private_link_traffic": "",
            "id": "arn:aws:elasticloadbalancing:eu-central-1:506820257931:loadbalancer/app/web-tier-external-lb/b1e816841de86044",
            "idle_timeout": 60,
            "internal": false,
            "ip_address_type": "ipv4",
            "load_balancer_type": "application",
            "name": "web-tier-external-lb",
            "name_prefix": "",
            "preserve_host_header": false,
            "security_groups": [
              "sg-01cb9927b9975e70c"
            ],
            "subnet_mapping": [
              {
                "allocation_id": "",
                "ipv6_address": "",
                "outpost_id": "",
                "private_ipv4_address": "",
                "subnet_id": "subnet-03d8d775aba0a08c3"
              },
              {
                "allocation_id": "",
                "ipv6_address": "",
                "outpost_id": "",
                "private_ipv4_address": "",
                "subnet_id": "subnet-0b8d18baaf3270830"
              }
            ],
            "subnets": [
              "subnet-03d8d775aba0a08c3",
              "subnet-0b8d18baaf3270830"
            ],
            "tags": null,
            "tags_all": {},
            "timeouts": null,
            "vpc_id": "vpc-0d5db24cc9c07063a",
            "xff_header_processing_mode": "append",
            "zone_id": "Z215JYRZR1TBD5"
          },
          "sensitive_attributes": [],
          "private": "eyJlMmJmYjczMC1lY2FhLTExZTYtOGY4OC0zNDM2M2JjN2M0YzAiOnsiY3JlYXRlIjo2MDAwMDAwMDAwMDAsImRlbGV0ZSI6NjAwMDAwMDAwMDAwLCJ1cGRhdGUiOjYwMDAwMDAwMDAwMH19",
          "dependencies": [
            "aws_db_subnet_group.db_subnet_group",
            "aws_iam_instance_profile.instance_profile",
            "aws_iam_role.threeta_iam_ec2_instance_role",
            "aws_instance.apptier",
            "aws_instance.webtier",
            "aws_lb.threeta_intlb",
            "aws_rds_cluster.dbcluster",
            "aws_rds_cluster_instance.dbclusterinstance",
            "aws_security_group.db-sg",
            "aws_security_group.internallb-sg",
            "aws_security_group.internetlb-sg",
            "aws_security_group.private-instance-sg",
            "aws_security_group.webtier-sg",
            "aws_ssm_parameter.my_ip_address",
            "aws_subnet.private_db_subnet_az_1",
            "aws_subnet.private_db_subnet_az_2",
            "aws_subnet.private_subnet_az_1",
            "aws_subnet.private_subnet_az_2",
            "aws_subnet.public_subnet_az_1",
            "aws_subnet.public_subnet_az_2",
            "aws_vpc.threetierarch_vpc",
            "data.aws_iam_policy.threetas3readonly",
            "data.aws_iam_policy.threetassm",
            "data.aws_iam_policy_document.threetatrustedentities",
            "data.aws_ssm_parameter.rds_password",
            "data.aws_ssm_parameter.rds_username",
            "data.http.icanhazip"
          ]
        }
      ]
    },
    {
      "mode": "managed",
      "type": "aws_lb",
      "name": "threeta_intlb",
      "provider": "provider[\"registry.terraform.io/hashicorp/aws\"]",
      "instances": [
        {
          "schema_version": 0,
          "attributes": {
            "access_logs": [
              {
                "bucket": "",
                "enabled": false,
                "prefix": ""
              }
            ],
            "arn": "arn:aws:elasticloadbalancing:eu-central-1:506820257931:loadbalancer/app/app-tier-internal-lb/efe2f3d90885bea1",
            "arn_suffix": "app/app-tier-internal-lb/efe2f3d90885bea1",
            "connection_logs": [
              {
                "bucket": "",
                "enabled": false,
                "prefix": ""
              }
            ],
            "customer_owned_ipv4_pool": "",
            "desync_mitigation_mode": "defensive",
            "dns_name": "internal-app-tier-internal-lb-1303686428.eu-central-1.elb.amazonaws.com",
            "dns_record_client_routing_policy": null,
            "drop_invalid_header_fields": false,
            "enable_cross_zone_load_balancing": true,
            "enable_deletion_protection": false,
            "enable_http2": true,
            "enable_tls_version_and_cipher_suite_headers": false,
            "enable_waf_fail_open": false,
            "enable_xff_client_port": false,
            "enforce_security_group_inbound_rules_on_private_link_traffic": "",
            "id": "arn:aws:elasticloadbalancing:eu-central-1:506820257931:loadbalancer/app/app-tier-internal-lb/efe2f3d90885bea1",
            "idle_timeout": 60,
            "internal": true,
            "ip_address_type": "ipv4",
            "load_balancer_type": "application",
            "name": "app-tier-internal-lb",
            "name_prefix": "",
            "preserve_host_header": false,
            "security_groups": [
              "sg-0500e854b23470eca"
            ],
            "subnet_mapping": [
              {
                "allocation_id": "",
                "ipv6_address": "",
                "outpost_id": "",
                "private_ipv4_address": "",
                "subnet_id": "subnet-0584fff05640b8a8f"
              },
              {
                "allocation_id": "",
                "ipv6_address": "",
                "outpost_id": "",
                "private_ipv4_address": "",
                "subnet_id": "subnet-088dff1f24234fd21"
              }
            ],
            "subnets": [
              "subnet-0584fff05640b8a8f",
              "subnet-088dff1f24234fd21"
            ],
            "tags": null,
            "tags_all": {},
            "timeouts": null,
            "vpc_id": "vpc-0d5db24cc9c07063a",
            "xff_header_processing_mode": "append",
            "zone_id": "Z215JYRZR1TBD5"
          },
          "sensitive_attributes": [],
          "private": "eyJlMmJmYjczMC1lY2FhLTExZTYtOGY4OC0zNDM2M2JjN2M0YzAiOnsiY3JlYXRlIjo2MDAwMDAwMDAwMDAsImRlbGV0ZSI6NjAwMDAwMDAwMDAwLCJ1cGRhdGUiOjYwMDAwMDAwMDAwMH19",
          "dependencies": [
            "aws_db_subnet_group.db_subnet_group",
            "aws_iam_instance_profile.instance_profile",
            "aws_iam_role.threeta_iam_ec2_instance_role",
            "aws_instance.apptier",
            "aws_rds_cluster.dbcluster",
            "aws_rds_cluster_instance.dbclusterinstance",
            "aws_security_group.db-sg",
            "aws_security_group.internallb-sg",
            "aws_security_group.internetlb-sg",
            "aws_security_group.private-instance-sg",
            "aws_security_group.webtier-sg",
            "aws_ssm_parameter.my_ip_address",
            "aws_subnet.private_db_subnet_az_1",
            "aws_subnet.private_db_subnet_az_2",
            "aws_subnet.private_subnet_az_1",
            "aws_subnet.private_subnet_az_2",
            "aws_vpc.threetierarch_vpc",
            "data.aws_iam_policy.threetas3readonly",
            "data.aws_iam_policy.threetassm",
            "data.aws_iam_policy_document.threetatrustedentities",
            "data.aws_ssm_parameter.rds_password",
            "data.aws_ssm_parameter.rds_username",
            "data.http.icanhazip"
          ]
        }
      ]
    },
    {
      "mode": "managed",
      "type": "aws_lb_listener",
      "name": "threeta_extlb_listener",
      "provider": "provider[\"registry.terraform.io/hashicorp/aws\"]",
      "instances": [
        {
          "schema_version": 0,
          "attributes": {
            "alpn_policy": null,
            "arn": "arn:aws:elasticloadbalancing:eu-central-1:506820257931:listener/app/web-tier-external-lb/b1e816841de86044/70ee4f2ab303394c",
            "certificate_arn": null,
            "default_action": [
              {
                "authenticate_cognito": [],
                "authenticate_oidc": [],
                "fixed_response": [],
                "forward": [],
                "order": 1,
                "redirect": [],
                "target_group_arn": "arn:aws:elasticloadbalancing:eu-central-1:506820257931:targetgroup/WebTierTargetGroup/9d509a615b2ee7a2",
                "type": "forward"
              }
            ],
            "id": "arn:aws:elasticloadbalancing:eu-central-1:506820257931:listener/app/web-tier-external-lb/b1e816841de86044/70ee4f2ab303394c",
            "load_balancer_arn": "arn:aws:elasticloadbalancing:eu-central-1:506820257931:loadbalancer/app/web-tier-external-lb/b1e816841de86044",
            "mutual_authentication": [],
            "port": 80,
            "protocol": "HTTP",
            "ssl_policy": "",
            "tags": null,
            "tags_all": {},
            "timeouts": null
          },
          "sensitive_attributes": [],
          "private": "eyJlMmJmYjczMC1lY2FhLTExZTYtOGY4OC0zNDM2M2JjN2M0YzAiOnsiY3JlYXRlIjozMDAwMDAwMDAwMDAsInVwZGF0ZSI6MzAwMDAwMDAwMDAwfX0=",
          "dependencies": [
            "aws_db_subnet_group.db_subnet_group",
            "aws_iam_instance_profile.instance_profile",
            "aws_iam_role.threeta_iam_ec2_instance_role",
            "aws_instance.apptier",
            "aws_instance.webtier",
            "aws_lb.threeta_extlb",
            "aws_lb.threeta_intlb",
            "aws_lb_target_group.threeta_web_tier_target_group",
            "aws_rds_cluster.dbcluster",
            "aws_rds_cluster_instance.dbclusterinstance",
            "aws_security_group.db-sg",
            "aws_security_group.internallb-sg",
            "aws_security_group.internetlb-sg",
            "aws_security_group.private-instance-sg",
            "aws_security_group.webtier-sg",
            "aws_ssm_parameter.my_ip_address",
            "aws_subnet.private_db_subnet_az_1",
            "aws_subnet.private_db_subnet_az_2",
            "aws_subnet.private_subnet_az_1",
            "aws_subnet.private_subnet_az_2",
            "aws_subnet.public_subnet_az_1",
            "aws_subnet.public_subnet_az_2",
            "aws_vpc.threetierarch_vpc",
            "data.aws_iam_policy.threetas3readonly",
            "data.aws_iam_policy.threetassm",
            "data.aws_iam_policy_document.threetatrustedentities",
            "data.aws_ssm_parameter.rds_password",
            "data.aws_ssm_parameter.rds_username",
            "data.http.icanhazip"
          ]
        }
      ]
    },
    {
      "mode": "managed",
      "type": "aws_lb_listener",
      "name": "threeta_intlb_listener",
      "provider": "provider[\"registry.terraform.io/hashicorp/aws\"]",
      "instances": [
        {
          "schema_version": 0,
          "attributes": {
            "alpn_policy": null,
            "arn": "arn:aws:elasticloadbalancing:eu-central-1:506820257931:listener/app/app-tier-internal-lb/efe2f3d90885bea1/65b4c14fd874c957",
            "certificate_arn": null,
            "default_action": [
              {
                "authenticate_cognito": [],
                "authenticate_oidc": [],
                "fixed_response": [],
                "forward": [],
                "order": 1,
                "redirect": [],
                "target_group_arn": "arn:aws:elasticloadbalancing:eu-central-1:506820257931:targetgroup/AppTierTargetGroup/56ee82b2d1fc43f3",
                "type": "forward"
              }
            ],
            "id": "arn:aws:elasticloadbalancing:eu-central-1:506820257931:listener/app/app-tier-internal-lb/efe2f3d90885bea1/65b4c14fd874c957",
            "load_balancer_arn": "arn:aws:elasticloadbalancing:eu-central-1:506820257931:loadbalancer/app/app-tier-internal-lb/efe2f3d90885bea1",
            "mutual_authentication": [],
            "port": 80,
            "protocol": "HTTP",
            "ssl_policy": "",
            "tags": null,
            "tags_all": {},
            "timeouts": null
          },
          "sensitive_attributes": [],
          "private": "eyJlMmJmYjczMC1lY2FhLTExZTYtOGY4OC0zNDM2M2JjN2M0YzAiOnsiY3JlYXRlIjozMDAwMDAwMDAwMDAsInVwZGF0ZSI6MzAwMDAwMDAwMDAwfX0=",
          "dependencies": [
            "aws_db_subnet_group.db_subnet_group",
            "aws_iam_instance_profile.instance_profile",
            "aws_iam_role.threeta_iam_ec2_instance_role",
            "aws_instance.apptier",
            "aws_lb.threeta_intlb",
            "aws_lb_target_group.threeta_app_tier_target_group",
            "aws_rds_cluster.dbcluster",
            "aws_rds_cluster_instance.dbclusterinstance",
            "aws_security_group.db-sg",
            "aws_security_group.internallb-sg",
            "aws_security_group.internetlb-sg",
            "aws_security_group.private-instance-sg",
            "aws_security_group.webtier-sg",
            "aws_ssm_parameter.my_ip_address",
            "aws_subnet.private_db_subnet_az_1",
            "aws_subnet.private_db_subnet_az_2",
            "aws_subnet.private_subnet_az_1",
            "aws_subnet.private_subnet_az_2",
            "aws_vpc.threetierarch_vpc",
            "data.aws_iam_policy.threetas3readonly",
            "data.aws_iam_policy.threetassm",
            "data.aws_iam_policy_document.threetatrustedentities",
            "data.aws_ssm_parameter.rds_password",
            "data.aws_ssm_parameter.rds_username",
            "data.http.icanhazip"
          ]
        }
      ]
    },
    {
      "mode": "managed",
      "type": "aws_lb_target_group",
      "name": "threeta_app_tier_target_group",
      "provider": "provider[\"registry.terraform.io/hashicorp/aws\"]",
      "instances": [
        {
          "schema_version": 0,
          "attributes": {
            "arn": "arn:aws:elasticloadbalancing:eu-central-1:506820257931:targetgroup/AppTierTargetGroup/56ee82b2d1fc43f3",
            "arn_suffix": "targetgroup/AppTierTargetGroup/56ee82b2d1fc43f3",
            "connection_termination": null,
            "deregistration_delay": "300",
            "health_check": [
              {
                "enabled": true,
                "healthy_threshold": 3,
                "interval": 30,
                "matcher": "200",
                "path": "/health",
                "port": "traffic-port",
                "protocol": "HTTP",
                "timeout": 5,
                "unhealthy_threshold": 3
              }
            ],
            "id": "arn:aws:elasticloadbalancing:eu-central-1:506820257931:targetgroup/AppTierTargetGroup/56ee82b2d1fc43f3",
            "ip_address_type": "ipv4",
            "lambda_multi_value_headers_enabled": false,
            "load_balancing_algorithm_type": "round_robin",
            "load_balancing_anomaly_mitigation": "off",
            "load_balancing_cross_zone_enabled": "use_load_balancer_configuration",
            "name": "AppTierTargetGroup",
            "name_prefix": "",
            "port": 4000,
            "preserve_client_ip": null,
            "protocol": "HTTP",
            "protocol_version": "HTTP1",
            "proxy_protocol_v2": false,
            "slow_start": 0,
            "stickiness": [
              {
                "cookie_duration": 86400,
                "cookie_name": "",
                "enabled": false,
                "type": "lb_cookie"
              }
            ],
            "tags": {},
            "tags_all": {},
            "target_failover": [
              {
                "on_deregistration": null,
                "on_unhealthy": null
              }
            ],
            "target_health_state": [
              {
                "enable_unhealthy_connection_termination": null
              }
            ],
            "target_type": "instance",
            "vpc_id": "vpc-0d5db24cc9c07063a"
          },
          "sensitive_attributes": [],
          "private": "bnVsbA==",
          "dependencies": [
            "aws_vpc.threetierarch_vpc"
          ]
        }
      ]
    },
    {
      "mode": "managed",
      "type": "aws_lb_target_group",
      "name": "threeta_web_tier_target_group",
      "provider": "provider[\"registry.terraform.io/hashicorp/aws\"]",
      "instances": [
        {
          "schema_version": 0,
          "attributes": {
            "arn": "arn:aws:elasticloadbalancing:eu-central-1:506820257931:targetgroup/WebTierTargetGroup/9d509a615b2ee7a2",
            "arn_suffix": "targetgroup/WebTierTargetGroup/9d509a615b2ee7a2",
            "connection_termination": null,
            "deregistration_delay": "300",
            "health_check": [
              {
                "enabled": true,
                "healthy_threshold": 3,
                "interval": 30,
                "matcher": "200",
                "path": "/health",
                "port": "traffic-port",
                "protocol": "HTTP",
                "timeout": 5,
                "unhealthy_threshold": 3
              }
            ],
            "id": "arn:aws:elasticloadbalancing:eu-central-1:506820257931:targetgroup/WebTierTargetGroup/9d509a615b2ee7a2",
            "ip_address_type": "ipv4",
            "lambda_multi_value_headers_enabled": false,
            "load_balancing_algorithm_type": "round_robin",
            "load_balancing_anomaly_mitigation": "off",
            "load_balancing_cross_zone_enabled": "use_load_balancer_configuration",
            "name": "WebTierTargetGroup",
            "name_prefix": "",
            "port": 80,
            "preserve_client_ip": null,
            "protocol": "HTTP",
            "protocol_version": "HTTP1",
            "proxy_protocol_v2": false,
            "slow_start": 0,
            "stickiness": [
              {
                "cookie_duration": 86400,
                "cookie_name": "",
                "enabled": false,
                "type": "lb_cookie"
              }
            ],
            "tags": {},
            "tags_all": {},
            "target_failover": [
              {
                "on_deregistration": null,
                "on_unhealthy": null
              }
            ],
            "target_health_state": [
              {
                "enable_unhealthy_connection_termination": null
              }
            ],
            "target_type": "instance",
            "vpc_id": "vpc-0d5db24cc9c07063a"
          },
          "sensitive_attributes": [],
          "private": "bnVsbA==",
          "dependencies": [
            "aws_vpc.threetierarch_vpc"
          ]
        }
      ]
    },
    {
      "mode": "managed",
      "type": "aws_nat_gateway",
      "name": "ngw1",
      "provider": "provider[\"registry.terraform.io/hashicorp/aws\"]",
      "instances": [
        {
          "schema_version": 0,
          "attributes": {
            "allocation_id": "eipalloc-089955ebaaa1f593c",
            "association_id": "eipassoc-0c6796283cc4130e1",
            "connectivity_type": "public",
            "id": "nat-09c40ba95bac01c54",
            "network_interface_id": "eni-04bf83df76e4b5383",
            "private_ip": "10.20.0.120",
            "public_ip": "3.71.235.33",
            "secondary_allocation_ids": [],
            "secondary_private_ip_address_count": 0,
            "secondary_private_ip_addresses": [],
            "subnet_id": "subnet-0b8d18baaf3270830",
            "tags": {
              "Name": "3TA-NAT-GW-AZ1"
            },
            "tags_all": {
              "Name": "3TA-NAT-GW-AZ1"
            },
            "timeouts": null
          },
          "sensitive_attributes": [],
          "private": "eyJlMmJmYjczMC1lY2FhLTExZTYtOGY4OC0zNDM2M2JjN2M0YzAiOnsiY3JlYXRlIjo2MDAwMDAwMDAwMDAsImRlbGV0ZSI6MTgwMDAwMDAwMDAwMCwidXBkYXRlIjo2MDAwMDAwMDAwMDB9fQ==",
          "dependencies": [
            "aws_eip.eip1",
            "aws_internet_gateway.igw",
            "aws_subnet.public_subnet_az_1",
            "aws_vpc.threetierarch_vpc"
          ]
        }
      ]
    },
    {
      "mode": "managed",
      "type": "aws_nat_gateway",
      "name": "ngw2",
      "provider": "provider[\"registry.terraform.io/hashicorp/aws\"]",
      "instances": [
        {
          "schema_version": 0,
          "attributes": {
            "allocation_id": "eipalloc-0e17dfc56fb99c3cc",
            "association_id": "eipassoc-0ee7b3c30c3827cec",
            "connectivity_type": "public",
            "id": "nat-06d32d63eff22970b",
            "network_interface_id": "eni-030872aa020fc3474",
            "private_ip": "10.20.3.233",
            "public_ip": "3.121.55.91",
            "secondary_allocation_ids": [],
            "secondary_private_ip_address_count": 0,
            "secondary_private_ip_addresses": [],
            "subnet_id": "subnet-03d8d775aba0a08c3",
            "tags": {
              "Name": "3TA-NAT-GW-AZ2"
            },
            "tags_all": {
              "Name": "3TA-NAT-GW-AZ2"
            },
            "timeouts": null
          },
          "sensitive_attributes": [],
          "private": "eyJlMmJmYjczMC1lY2FhLTExZTYtOGY4OC0zNDM2M2JjN2M0YzAiOnsiY3JlYXRlIjo2MDAwMDAwMDAwMDAsImRlbGV0ZSI6MTgwMDAwMDAwMDAwMCwidXBkYXRlIjo2MDAwMDAwMDAwMDB9fQ==",
          "dependencies": [
            "aws_eip.eip2",
            "aws_internet_gateway.igw",
            "aws_subnet.public_subnet_az_2",
            "aws_vpc.threetierarch_vpc"
          ]
        }
      ]
    },
    {
      "mode": "managed",
      "type": "aws_rds_cluster",
      "name": "dbcluster",
      "provider": "provider[\"registry.terraform.io/hashicorp/aws\"]",
      "instances": [
        {
          "schema_version": 1,
          "attributes": {
            "allocated_storage": 1,
            "allow_major_version_upgrade": null,
            "apply_immediately": true,
            "arn": "arn:aws:rds:eu-central-1:506820257931:cluster:threeta-database-1",
            "availability_zones": [
              "eu-central-1a",
              "eu-central-1b",
              "eu-central-1c"
            ],
            "backtrack_window": 0,
            "backup_retention_period": 1,
            "cluster_identifier": "threeta-database-1",
            "cluster_identifier_prefix": "",
            "cluster_members": [
              "threeta-database-1-instance-0",
              "threeta-database-1-instance-1"
            ],
            "cluster_resource_id": "cluster-J7MBGM3CWKHTNZRKZL42MNGVZE",
            "copy_tags_to_snapshot": false,
            "database_name": null,
            "db_cluster_instance_class": "",
            "db_cluster_parameter_group_name": "default.aurora-mysql5.7",
            "db_instance_parameter_group_name": null,
            "db_subnet_group_name": "threeta-db-subnet-group",
            "db_system_id": "",
            "delete_automated_backups": true,
            "deletion_protection": false,
            "enable_global_write_forwarding": false,
            "enable_http_endpoint": false,
            "enabled_cloudwatch_logs_exports": [],
            "endpoint": "threeta-database-1.cluster-cpw8ewusw1ja.eu-central-1.rds.amazonaws.com",
            "engine": "aurora-mysql",
            "engine_mode": "provisioned",
            "engine_version": "5.7.mysql_aurora.2.11.2",
            "engine_version_actual": "5.7.mysql_aurora.2.11.2",
            "final_snapshot_identifier": null,
            "global_cluster_identifier": "",
            "hosted_zone_id": "Z1RLNUO7B9Q6NB",
            "iam_database_authentication_enabled": false,
            "iam_roles": [],
            "id": "threeta-database-1",
            "iops": 0,
            "kms_key_id": "arn:aws:kms:eu-central-1:506820257931:key/46ce9a7c-88f2-44c0-90b2-9c35949ec655",
            "manage_master_user_password": null,
            "master_password": "NewPassword123",
            "master_user_secret": [],
            "master_user_secret_kms_key_id": null,
            "master_username": "admin",
            "network_type": "IPV4",
            "port": 3306,
            "preferred_backup_window": "21:23-21:53",
            "preferred_maintenance_window": "thu:22:02-thu:22:32",
            "reader_endpoint": "threeta-database-1.cluster-ro-cpw8ewusw1ja.eu-central-1.rds.amazonaws.com",
            "replication_source_identifier": "",
            "restore_to_point_in_time": [],
            "s3_import": [],
            "scaling_configuration": [],
            "serverlessv2_scaling_configuration": [],
            "skip_final_snapshot": true,
            "snapshot_identifier": null,
            "source_region": null,
            "storage_encrypted": true,
            "storage_type": "",
            "tags": {},
            "tags_all": {},
            "timeouts": null,
            "vpc_security_group_ids": [
              "sg-0db4ba1cf9a1a024a"
            ]
          },
          "sensitive_attributes": [
            [
              {
                "type": "get_attr",
                "value": "master_username"
              }
            ],
            [
              {
                "type": "get_attr",
                "value": "master_password"
              }
            ]
          ],
          "private": "eyJlMmJmYjczMC1lY2FhLTExZTYtOGY4OC0zNDM2M2JjN2M0YzAiOnsiY3JlYXRlIjo3MjAwMDAwMDAwMDAwLCJkZWxldGUiOjcyMDAwMDAwMDAwMDAsInVwZGF0ZSI6NzIwMDAwMDAwMDAwMH0sInNjaGVtYV92ZXJzaW9uIjoiMSJ9",
          "dependencies": [
            "aws_db_subnet_group.db_subnet_group",
            "aws_security_group.db-sg",
            "aws_security_group.internallb-sg",
            "aws_security_group.internetlb-sg",
            "aws_security_group.private-instance-sg",
            "aws_security_group.webtier-sg",
            "aws_ssm_parameter.my_ip_address",
            "aws_subnet.private_db_subnet_az_1",
            "aws_subnet.private_db_subnet_az_2",
            "aws_vpc.threetierarch_vpc",
            "data.aws_ssm_parameter.rds_password",
            "data.aws_ssm_parameter.rds_username",
            "data.http.icanhazip"
          ]
        }
      ]
    },
    {
      "mode": "managed",
      "type": "aws_rds_cluster_instance",
      "name": "dbclusterinstance",
      "provider": "provider[\"registry.terraform.io/hashicorp/aws\"]",
      "instances": [
        {
          "index_key": 0,
          "schema_version": 0,
          "attributes": {
            "apply_immediately": true,
            "arn": "arn:aws:rds:eu-central-1:506820257931:db:threeta-database-1-instance-0",
            "auto_minor_version_upgrade": false,
            "availability_zone": "eu-central-1b",
            "ca_cert_identifier": "rds-ca-2019",
            "cluster_identifier": "threeta-database-1",
            "copy_tags_to_snapshot": false,
            "custom_iam_instance_profile": "",
            "db_parameter_group_name": "default.aurora-mysql5.7",
            "db_subnet_group_name": "threeta-db-subnet-group",
            "dbi_resource_id": "db-B4THV66JKLA6XECJJNV3KWNOVI",
            "endpoint": "threeta-database-1-instance-0.cpw8ewusw1ja.eu-central-1.rds.amazonaws.com",
            "engine": "aurora-mysql",
            "engine_version": "5.7.mysql_aurora.2.11.2",
            "engine_version_actual": "5.7.mysql_aurora.2.11.2",
            "id": "threeta-database-1-instance-0",
            "identifier": "threeta-database-1-instance-0",
            "identifier_prefix": "",
            "instance_class": "db.t3.small",
            "kms_key_id": "arn:aws:kms:eu-central-1:506820257931:key/46ce9a7c-88f2-44c0-90b2-9c35949ec655",
            "monitoring_interval": 0,
            "monitoring_role_arn": "arn:aws:iam::506820257931:role/rds-monitoring-role",
            "network_type": "IPV4",
            "performance_insights_enabled": false,
            "performance_insights_kms_key_id": "",
            "performance_insights_retention_period": 0,
            "port": 3306,
            "preferred_backup_window": "21:23-21:53",
            "preferred_maintenance_window": "thu:23:16-thu:23:46",
            "promotion_tier": 1,
            "publicly_accessible": false,
            "storage_encrypted": true,
            "tags": {},
            "tags_all": {},
            "timeouts": null,
            "writer": true
          },
          "sensitive_attributes": [],
          "private": "eyJlMmJmYjczMC1lY2FhLTExZTYtOGY4OC0zNDM2M2JjN2M0YzAiOnsiY3JlYXRlIjo1NDAwMDAwMDAwMDAwLCJkZWxldGUiOjU0MDAwMDAwMDAwMDAsInVwZGF0ZSI6NTQwMDAwMDAwMDAwMH19",
          "dependencies": [
            "aws_db_subnet_group.db_subnet_group",
            "aws_rds_cluster.dbcluster",
            "aws_security_group.db-sg",
            "aws_security_group.internallb-sg",
            "aws_security_group.internetlb-sg",
            "aws_security_group.private-instance-sg",
            "aws_security_group.webtier-sg",
            "aws_ssm_parameter.my_ip_address",
            "aws_subnet.private_db_subnet_az_1",
            "aws_subnet.private_db_subnet_az_2",
            "aws_vpc.threetierarch_vpc",
            "data.aws_ssm_parameter.rds_password",
            "data.aws_ssm_parameter.rds_username",
            "data.http.icanhazip"
          ]
        },
        {
          "index_key": 1,
          "schema_version": 0,
          "attributes": {
            "apply_immediately": true,
            "arn": "arn:aws:rds:eu-central-1:506820257931:db:threeta-database-1-instance-1",
            "auto_minor_version_upgrade": false,
            "availability_zone": "eu-central-1a",
            "ca_cert_identifier": "rds-ca-2019",
            "cluster_identifier": "threeta-database-1",
            "copy_tags_to_snapshot": false,
            "custom_iam_instance_profile": "",
            "db_parameter_group_name": "default.aurora-mysql5.7",
            "db_subnet_group_name": "threeta-db-subnet-group",
            "dbi_resource_id": "db-EEMNT5UCK3CQIZVZRIDYZMH7YM",
            "endpoint": "threeta-database-1-instance-1.cpw8ewusw1ja.eu-central-1.rds.amazonaws.com",
            "engine": "aurora-mysql",
            "engine_version": "5.7.mysql_aurora.2.11.2",
            "engine_version_actual": "5.7.mysql_aurora.2.11.2",
            "id": "threeta-database-1-instance-1",
            "identifier": "threeta-database-1-instance-1",
            "identifier_prefix": "",
            "instance_class": "db.t3.small",
            "kms_key_id": "arn:aws:kms:eu-central-1:506820257931:key/46ce9a7c-88f2-44c0-90b2-9c35949ec655",
            "monitoring_interval": 0,
            "monitoring_role_arn": "arn:aws:iam::506820257931:role/rds-monitoring-role",
            "network_type": "IPV4",
            "performance_insights_enabled": false,
            "performance_insights_kms_key_id": "",
            "performance_insights_retention_period": 0,
            "port": 3306,
            "preferred_backup_window": "21:23-21:53",
            "preferred_maintenance_window": "sun:03:15-sun:03:45",
            "promotion_tier": 1,
            "publicly_accessible": false,
            "storage_encrypted": true,
            "tags": {},
            "tags_all": {},
            "timeouts": null,
            "writer": false
          },
          "sensitive_attributes": [],
          "private": "eyJlMmJmYjczMC1lY2FhLTExZTYtOGY4OC0zNDM2M2JjN2M0YzAiOnsiY3JlYXRlIjo1NDAwMDAwMDAwMDAwLCJkZWxldGUiOjU0MDAwMDAwMDAwMDAsInVwZGF0ZSI6NTQwMDAwMDAwMDAwMH19",
          "dependencies": [
            "aws_db_subnet_group.db_subnet_group",
            "aws_rds_cluster.dbcluster",
            "aws_security_group.db-sg",
            "aws_security_group.internallb-sg",
            "aws_security_group.internetlb-sg",
            "aws_security_group.private-instance-sg",
            "aws_security_group.webtier-sg",
            "aws_ssm_parameter.my_ip_address",
            "aws_subnet.private_db_subnet_az_1",
            "aws_subnet.private_db_subnet_az_2",
            "aws_vpc.threetierarch_vpc",
            "data.aws_ssm_parameter.rds_password",
            "data.aws_ssm_parameter.rds_username",
            "data.http.icanhazip"
          ]
        }
      ]
    },
    {
      "mode": "managed",
      "type": "aws_route_table",
      "name": "private_app_route_az1",
      "provider": "provider[\"registry.terraform.io/hashicorp/aws\"]",
      "instances": [
        {
          "schema_version": 0,
          "attributes": {
            "arn": "arn:aws:ec2:eu-central-1:506820257931:route-table/rtb-0f7384faf480caee3",
            "id": "rtb-0f7384faf480caee3",
            "owner_id": "506820257931",
            "propagating_vgws": [],
            "route": [
              {
                "carrier_gateway_id": "",
                "cidr_block": "0.0.0.0/0",
                "core_network_arn": "",
                "destination_prefix_list_id": "",
                "egress_only_gateway_id": "",
                "gateway_id": "nat-09c40ba95bac01c54",
                "ipv6_cidr_block": "",
                "local_gateway_id": "",
                "nat_gateway_id": "",
                "network_interface_id": "",
                "transit_gateway_id": "",
                "vpc_endpoint_id": "",
                "vpc_peering_connection_id": ""
              }
            ],
            "tags": {
              "Name": "3TA-Private-Route-Table-AZ1"
            },
            "tags_all": {
              "Name": "3TA-Private-Route-Table-AZ1"
            },
            "timeouts": null,
            "vpc_id": "vpc-0d5db24cc9c07063a"
          },
          "sensitive_attributes": [],
          "private": "eyJlMmJmYjczMC1lY2FhLTExZTYtOGY4OC0zNDM2M2JjN2M0YzAiOnsiY3JlYXRlIjozMDAwMDAwMDAwMDAsImRlbGV0ZSI6MzAwMDAwMDAwMDAwLCJ1cGRhdGUiOjEyMDAwMDAwMDAwMH19",
          "dependencies": [
            "aws_eip.eip1",
            "aws_internet_gateway.igw",
            "aws_nat_gateway.ngw1",
            "aws_subnet.public_subnet_az_1",
            "aws_vpc.threetierarch_vpc"
          ]
        }
      ]
    },
    {
      "mode": "managed",
      "type": "aws_route_table",
      "name": "private_app_route_az2",
      "provider": "provider[\"registry.terraform.io/hashicorp/aws\"]",
      "instances": [
        {
          "schema_version": 0,
          "attributes": {
            "arn": "arn:aws:ec2:eu-central-1:506820257931:route-table/rtb-03a05df9637944f74",
            "id": "rtb-03a05df9637944f74",
            "owner_id": "506820257931",
            "propagating_vgws": [],
            "route": [
              {
                "carrier_gateway_id": "",
                "cidr_block": "0.0.0.0/0",
                "core_network_arn": "",
                "destination_prefix_list_id": "",
                "egress_only_gateway_id": "",
                "gateway_id": "nat-06d32d63eff22970b",
                "ipv6_cidr_block": "",
                "local_gateway_id": "",
                "nat_gateway_id": "",
                "network_interface_id": "",
                "transit_gateway_id": "",
                "vpc_endpoint_id": "",
                "vpc_peering_connection_id": ""
              }
            ],
            "tags": {
              "Name": "3TA-Private-Route-Table-AZ2"
            },
            "tags_all": {
              "Name": "3TA-Private-Route-Table-AZ2"
            },
            "timeouts": null,
            "vpc_id": "vpc-0d5db24cc9c07063a"
          },
          "sensitive_attributes": [],
          "private": "eyJlMmJmYjczMC1lY2FhLTExZTYtOGY4OC0zNDM2M2JjN2M0YzAiOnsiY3JlYXRlIjozMDAwMDAwMDAwMDAsImRlbGV0ZSI6MzAwMDAwMDAwMDAwLCJ1cGRhdGUiOjEyMDAwMDAwMDAwMH19",
          "dependencies": [
            "aws_eip.eip2",
            "aws_internet_gateway.igw",
            "aws_nat_gateway.ngw2",
            "aws_subnet.public_subnet_az_2",
            "aws_vpc.threetierarch_vpc"
          ]
        }
      ]
    },
    {
      "mode": "managed",
      "type": "aws_route_table",
      "name": "public_route",
      "provider": "provider[\"registry.terraform.io/hashicorp/aws\"]",
      "instances": [
        {
          "schema_version": 0,
          "attributes": {
            "arn": "arn:aws:ec2:eu-central-1:506820257931:route-table/rtb-01acf4dd3d93fc1b8",
            "id": "rtb-01acf4dd3d93fc1b8",
            "owner_id": "506820257931",
            "propagating_vgws": [],
            "route": [
              {
                "carrier_gateway_id": "",
                "cidr_block": "0.0.0.0/0",
                "core_network_arn": "",
                "destination_prefix_list_id": "",
                "egress_only_gateway_id": "",
                "gateway_id": "igw-04126186d9dfa0de0",
                "ipv6_cidr_block": "",
                "local_gateway_id": "",
                "nat_gateway_id": "",
                "network_interface_id": "",
                "transit_gateway_id": "",
                "vpc_endpoint_id": "",
                "vpc_peering_connection_id": ""
              }
            ],
            "tags": {
              "Name": "3TA-PublicRouteTable"
            },
            "tags_all": {
              "Name": "3TA-PublicRouteTable"
            },
            "timeouts": null,
            "vpc_id": "vpc-0d5db24cc9c07063a"
          },
          "sensitive_attributes": [],
          "private": "eyJlMmJmYjczMC1lY2FhLTExZTYtOGY4OC0zNDM2M2JjN2M0YzAiOnsiY3JlYXRlIjozMDAwMDAwMDAwMDAsImRlbGV0ZSI6MzAwMDAwMDAwMDAwLCJ1cGRhdGUiOjEyMDAwMDAwMDAwMH19",
          "dependencies": [
            "aws_internet_gateway.igw",
            "aws_vpc.threetierarch_vpc"
          ]
        }
      ]
    },
    {
      "mode": "managed",
      "type": "aws_route_table_association",
      "name": "prisubnetassociations1",
      "provider": "provider[\"registry.terraform.io/hashicorp/aws\"]",
      "instances": [
        {
          "schema_version": 0,
          "attributes": {
            "gateway_id": "",
            "id": "rtbassoc-07b6d491d93cd825c",
            "route_table_id": "rtb-0f7384faf480caee3",
            "subnet_id": "subnet-0584fff05640b8a8f",
            "timeouts": null
          },
          "sensitive_attributes": [],
          "private": "eyJlMmJmYjczMC1lY2FhLTExZTYtOGY4OC0zNDM2M2JjN2M0YzAiOnsiY3JlYXRlIjozMDAwMDAwMDAwMDAsImRlbGV0ZSI6MzAwMDAwMDAwMDAwLCJ1cGRhdGUiOjEyMDAwMDAwMDAwMH19",
          "dependencies": [
            "aws_eip.eip1",
            "aws_internet_gateway.igw",
            "aws_nat_gateway.ngw1",
            "aws_route_table.private_app_route_az1",
            "aws_subnet.private_subnet_az_1",
            "aws_subnet.public_subnet_az_1",
            "aws_vpc.threetierarch_vpc"
          ]
        }
      ]
    },
    {
      "mode": "managed",
      "type": "aws_route_table_association",
      "name": "prisubnetassociations2",
      "provider": "provider[\"registry.terraform.io/hashicorp/aws\"]",
      "instances": [
        {
          "schema_version": 0,
          "attributes": {
            "gateway_id": "",
            "id": "rtbassoc-05f9ec38d7b89c021",
            "route_table_id": "rtb-03a05df9637944f74",
            "subnet_id": "subnet-088dff1f24234fd21",
            "timeouts": null
          },
          "sensitive_attributes": [],
          "private": "eyJlMmJmYjczMC1lY2FhLTExZTYtOGY4OC0zNDM2M2JjN2M0YzAiOnsiY3JlYXRlIjozMDAwMDAwMDAwMDAsImRlbGV0ZSI6MzAwMDAwMDAwMDAwLCJ1cGRhdGUiOjEyMDAwMDAwMDAwMH19",
          "dependencies": [
            "aws_eip.eip2",
            "aws_internet_gateway.igw",
            "aws_nat_gateway.ngw2",
            "aws_route_table.private_app_route_az2",
            "aws_subnet.private_subnet_az_2",
            "aws_subnet.public_subnet_az_2",
            "aws_vpc.threetierarch_vpc"
          ]
        }
      ]
    },
    {
      "mode": "managed",
      "type": "aws_route_table_association",
      "name": "pubsubnetassociations1",
      "provider": "provider[\"registry.terraform.io/hashicorp/aws\"]",
      "instances": [
        {
          "schema_version": 0,
          "attributes": {
            "gateway_id": "",
            "id": "rtbassoc-04913910b0a8e39c0",
            "route_table_id": "rtb-01acf4dd3d93fc1b8",
            "subnet_id": "subnet-0b8d18baaf3270830",
            "timeouts": null
          },
          "sensitive_attributes": [],
          "private": "eyJlMmJmYjczMC1lY2FhLTExZTYtOGY4OC0zNDM2M2JjN2M0YzAiOnsiY3JlYXRlIjozMDAwMDAwMDAwMDAsImRlbGV0ZSI6MzAwMDAwMDAwMDAwLCJ1cGRhdGUiOjEyMDAwMDAwMDAwMH19",
          "dependencies": [
            "aws_internet_gateway.igw",
            "aws_route_table.public_route",
            "aws_subnet.public_subnet_az_1",
            "aws_vpc.threetierarch_vpc"
          ]
        }
      ]
    },
    {
      "mode": "managed",
      "type": "aws_route_table_association",
      "name": "pubsubnetassociations2",
      "provider": "provider[\"registry.terraform.io/hashicorp/aws\"]",
      "instances": [
        {
          "schema_version": 0,
          "attributes": {
            "gateway_id": "",
            "id": "rtbassoc-01f81f5f9d0b0beb3",
            "route_table_id": "rtb-01acf4dd3d93fc1b8",
            "subnet_id": "subnet-03d8d775aba0a08c3",
            "timeouts": null
          },
          "sensitive_attributes": [],
          "private": "eyJlMmJmYjczMC1lY2FhLTExZTYtOGY4OC0zNDM2M2JjN2M0YzAiOnsiY3JlYXRlIjozMDAwMDAwMDAwMDAsImRlbGV0ZSI6MzAwMDAwMDAwMDAwLCJ1cGRhdGUiOjEyMDAwMDAwMDAwMH19",
          "dependencies": [
            "aws_internet_gateway.igw",
            "aws_route_table.public_route",
            "aws_subnet.public_subnet_az_2",
            "aws_vpc.threetierarch_vpc"
          ]
        }
      ]
    },
    {
      "mode": "managed",
      "type": "aws_security_group",
      "name": "db-sg",
      "provider": "provider[\"registry.terraform.io/hashicorp/aws\"]",
      "instances": [
        {
          "schema_version": 1,
          "attributes": {
            "arn": "arn:aws:ec2:eu-central-1:506820257931:security-group/sg-0db4ba1cf9a1a024a",
            "description": "SG for our databases",
            "egress": [
              {
                "cidr_blocks": [
                  "0.0.0.0/0"
                ],
                "description": "",
                "from_port": 0,
                "ipv6_cidr_blocks": [],
                "prefix_list_ids": [],
                "protocol": "-1",
                "security_groups": [],
                "self": false,
                "to_port": 0
              }
            ],
            "id": "sg-0db4ba1cf9a1a024a",
            "ingress": [
              {
                "cidr_blocks": [],
                "description": "",
                "from_port": 3006,
                "ipv6_cidr_blocks": [],
                "prefix_list_ids": [],
                "protocol": "tcp",
                "security_groups": [
                  "sg-0505c74bc3a8e3cba"
                ],
                "self": false,
                "to_port": 3306
              }
            ],
            "name": "DBSG",
            "name_prefix": "",
            "owner_id": "506820257931",
            "revoke_rules_on_delete": false,
            "tags": {
              "Name": "3TA-DBSG"
            },
            "tags_all": {
              "Name": "3TA-DBSG"
            },
            "timeouts": null,
            "vpc_id": "vpc-0d5db24cc9c07063a"
          },
          "sensitive_attributes": [],
          "private": "eyJlMmJmYjczMC1lY2FhLTExZTYtOGY4OC0zNDM2M2JjN2M0YzAiOnsiY3JlYXRlIjo2MDAwMDAwMDAwMDAsImRlbGV0ZSI6OTAwMDAwMDAwMDAwfSwic2NoZW1hX3ZlcnNpb24iOiIxIn0=",
          "dependencies": [
            "aws_security_group.internallb-sg",
            "aws_security_group.internetlb-sg",
            "aws_security_group.private-instance-sg",
            "aws_security_group.webtier-sg",
            "aws_ssm_parameter.my_ip_address",
            "aws_vpc.threetierarch_vpc",
            "data.http.icanhazip"
          ]
        }
      ]
    },
    {
      "mode": "managed",
      "type": "aws_security_group",
      "name": "internallb-sg",
      "provider": "provider[\"registry.terraform.io/hashicorp/aws\"]",
      "instances": [
        {
          "schema_version": 1,
          "attributes": {
            "arn": "arn:aws:ec2:eu-central-1:506820257931:security-group/sg-0500e854b23470eca",
            "description": "SG for the internal load balancer",
            "egress": [
              {
                "cidr_blocks": [
                  "0.0.0.0/0"
                ],
                "description": "",
                "from_port": 0,
                "ipv6_cidr_blocks": [],
                "prefix_list_ids": [],
                "protocol": "-1",
                "security_groups": [],
                "self": false,
                "to_port": 0
              }
            ],
            "id": "sg-0500e854b23470eca",
            "ingress": [
              {
                "cidr_blocks": [],
                "description": "",
                "from_port": 80,
                "ipv6_cidr_blocks": [],
                "prefix_list_ids": [],
                "protocol": "tcp",
                "security_groups": [
                  "sg-09ba7d9fe95eb44b5"
                ],
                "self": false,
                "to_port": 80
              }
            ],
            "name": "Internal-LB-SG",
            "name_prefix": "",
            "owner_id": "506820257931",
            "revoke_rules_on_delete": false,
            "tags": {
              "Name": "3TA-Internal-LB-SG"
            },
            "tags_all": {
              "Name": "3TA-Internal-LB-SG"
            },
            "timeouts": null,
            "vpc_id": "vpc-0d5db24cc9c07063a"
          },
          "sensitive_attributes": [],
          "private": "eyJlMmJmYjczMC1lY2FhLTExZTYtOGY4OC0zNDM2M2JjN2M0YzAiOnsiY3JlYXRlIjo2MDAwMDAwMDAwMDAsImRlbGV0ZSI6OTAwMDAwMDAwMDAwfSwic2NoZW1hX3ZlcnNpb24iOiIxIn0=",
          "dependencies": [
            "aws_security_group.internetlb-sg",
            "aws_security_group.webtier-sg",
            "aws_ssm_parameter.my_ip_address",
            "aws_vpc.threetierarch_vpc",
            "data.http.icanhazip"
          ]
        }
      ]
    },
    {
      "mode": "managed",
      "type": "aws_security_group",
      "name": "internetlb-sg",
      "provider": "provider[\"registry.terraform.io/hashicorp/aws\"]",
      "instances": [
        {
          "schema_version": 1,
          "attributes": {
            "arn": "arn:aws:ec2:eu-central-1:506820257931:security-group/sg-01cb9927b9975e70c",
            "description": "External load balancer security group",
            "egress": [
              {
                "cidr_blocks": [
                  "0.0.0.0/0"
                ],
                "description": "",
                "from_port": 0,
                "ipv6_cidr_blocks": [],
                "prefix_list_ids": [],
                "protocol": "-1",
                "security_groups": [],
                "self": false,
                "to_port": 0
              }
            ],
            "id": "sg-01cb9927b9975e70c",
            "ingress": [
              {
                "cidr_blocks": [
                  "95.90.248.35/32"
                ],
                "description": "",
                "from_port": 80,
                "ipv6_cidr_blocks": [],
                "prefix_list_ids": [],
                "protocol": "tcp",
                "security_groups": [],
                "self": false,
                "to_port": 80
              }
            ],
            "name": "Internet-Facing-LB-SG",
            "name_prefix": "",
            "owner_id": "506820257931",
            "revoke_rules_on_delete": false,
            "tags": {
              "Name": "3TA-Internet-Facing-LB-SG"
            },
            "tags_all": {
              "Name": "3TA-Internet-Facing-LB-SG"
            },
            "timeouts": null,
            "vpc_id": "vpc-0d5db24cc9c07063a"
          },
          "sensitive_attributes": [
            [
              {
                "type": "get_attr",
                "value": "ingress"
              }
            ]
          ],
          "private": "eyJlMmJmYjczMC1lY2FhLTExZTYtOGY4OC0zNDM2M2JjN2M0YzAiOnsiY3JlYXRlIjo2MDAwMDAwMDAwMDAsImRlbGV0ZSI6OTAwMDAwMDAwMDAwfSwic2NoZW1hX3ZlcnNpb24iOiIxIn0=",
          "dependencies": [
            "aws_ssm_parameter.my_ip_address",
            "aws_vpc.threetierarch_vpc",
            "data.http.icanhazip"
          ]
        }
      ]
    },
    {
      "mode": "managed",
      "type": "aws_security_group",
      "name": "private-instance-sg",
      "provider": "provider[\"registry.terraform.io/hashicorp/aws\"]",
      "instances": [
        {
          "schema_version": 1,
          "attributes": {
            "arn": "arn:aws:ec2:eu-central-1:506820257931:security-group/sg-0505c74bc3a8e3cba",
            "description": "SG for our private app tier sg",
            "egress": [
              {
                "cidr_blocks": [
                  "0.0.0.0/0"
                ],
                "description": "",
                "from_port": 0,
                "ipv6_cidr_blocks": [],
                "prefix_list_ids": [],
                "protocol": "-1",
                "security_groups": [],
                "self": false,
                "to_port": 0
              }
            ],
            "id": "sg-0505c74bc3a8e3cba",
            "ingress": [
              {
                "cidr_blocks": [
                  "95.90.248.35/32"
                ],
                "description": "",
                "from_port": 4000,
                "ipv6_cidr_blocks": [],
                "prefix_list_ids": [],
                "protocol": "tcp",
                "security_groups": [
                  "sg-0500e854b23470eca"
                ],
                "self": false,
                "to_port": 4000
              }
            ],
            "name": "PrivateInstanceSG",
            "name_prefix": "",
            "owner_id": "506820257931",
            "revoke_rules_on_delete": false,
            "tags": {
              "Name": "3TA-PrivateInstanceSG"
            },
            "tags_all": {
              "Name": "3TA-PrivateInstanceSG"
            },
            "timeouts": null,
            "vpc_id": "vpc-0d5db24cc9c07063a"
          },
          "sensitive_attributes": [
            [
              {
                "type": "get_attr",
                "value": "ingress"
              }
            ]
          ],
          "private": "eyJlMmJmYjczMC1lY2FhLTExZTYtOGY4OC0zNDM2M2JjN2M0YzAiOnsiY3JlYXRlIjo2MDAwMDAwMDAwMDAsImRlbGV0ZSI6OTAwMDAwMDAwMDAwfSwic2NoZW1hX3ZlcnNpb24iOiIxIn0=",
          "dependencies": [
            "aws_security_group.internallb-sg",
            "aws_security_group.internetlb-sg",
            "aws_security_group.webtier-sg",
            "aws_ssm_parameter.my_ip_address",
            "aws_vpc.threetierarch_vpc",
            "data.http.icanhazip"
          ]
        }
      ]
    },
    {
      "mode": "managed",
      "type": "aws_security_group",
      "name": "webtier-sg",
      "provider": "provider[\"registry.terraform.io/hashicorp/aws\"]",
      "instances": [
        {
          "schema_version": 1,
          "attributes": {
            "arn": "arn:aws:ec2:eu-central-1:506820257931:security-group/sg-09ba7d9fe95eb44b5",
            "description": "SG for the Web Tier",
            "egress": [
              {
                "cidr_blocks": [
                  "0.0.0.0/0"
                ],
                "description": "",
                "from_port": 0,
                "ipv6_cidr_blocks": [],
                "prefix_list_ids": [],
                "protocol": "-1",
                "security_groups": [],
                "self": false,
                "to_port": 0
              }
            ],
            "id": "sg-09ba7d9fe95eb44b5",
            "ingress": [
              {
                "cidr_blocks": [
                  "95.90.248.35/32"
                ],
                "description": "",
                "from_port": 80,
                "ipv6_cidr_blocks": [],
                "prefix_list_ids": [],
                "protocol": "tcp",
                "security_groups": [
                  "sg-01cb9927b9975e70c"
                ],
                "self": false,
                "to_port": 80
              }
            ],
            "name": "WebTier-SG",
            "name_prefix": "",
            "owner_id": "506820257931",
            "revoke_rules_on_delete": false,
            "tags": {
              "Name": "3TA-WebTier-SG"
            },
            "tags_all": {
              "Name": "3TA-WebTier-SG"
            },
            "timeouts": null,
            "vpc_id": "vpc-0d5db24cc9c07063a"
          },
          "sensitive_attributes": [
            [
              {
                "type": "get_attr",
                "value": "ingress"
              }
            ]
          ],
          "private": "eyJlMmJmYjczMC1lY2FhLTExZTYtOGY4OC0zNDM2M2JjN2M0YzAiOnsiY3JlYXRlIjo2MDAwMDAwMDAwMDAsImRlbGV0ZSI6OTAwMDAwMDAwMDAwfSwic2NoZW1hX3ZlcnNpb24iOiIxIn0=",
          "dependencies": [
            "aws_security_group.internetlb-sg",
            "aws_ssm_parameter.my_ip_address",
            "aws_vpc.threetierarch_vpc",
            "data.http.icanhazip"
          ]
        }
      ]
    },
    {
      "mode": "managed",
      "type": "aws_ssm_parameter",
      "name": "my_ip_address",
      "provider": "provider[\"registry.terraform.io/hashicorp/aws\"]",
      "instances": [
        {
          "schema_version": 0,
          "attributes": {
            "allowed_pattern": "",
            "arn": "arn:aws:ssm:eu-central-1:506820257931:parameter/my_ip_address",
            "data_type": "text",
            "description": "",
            "id": "my_ip_address",
            "insecure_value": null,
            "key_id": "",
            "name": "my_ip_address",
            "overwrite": null,
            "tags": {},
            "tags_all": {},
            "tier": "Standard",
            "type": "String",
            "value": "95.90.248.35/32",
            "version": 1
          },
          "sensitive_attributes": [],
          "private": "bnVsbA==",
          "dependencies": [
            "data.http.icanhazip"
          ]
        }
      ]
    },
    {
      "mode": "managed",
      "type": "aws_subnet",
      "name": "private_db_subnet_az_1",
      "provider": "provider[\"registry.terraform.io/hashicorp/aws\"]",
      "instances": [
        {
          "schema_version": 1,
          "attributes": {
            "arn": "arn:aws:ec2:eu-central-1:506820257931:subnet/subnet-0ea494e67738bde69",
            "assign_ipv6_address_on_creation": false,
            "availability_zone": "eu-central-1a",
            "availability_zone_id": "euc1-az2",
            "cidr_block": "10.20.2.0/24",
            "customer_owned_ipv4_pool": "",
            "enable_dns64": false,
            "enable_lni_at_device_index": 0,
            "enable_resource_name_dns_a_record_on_launch": false,
            "enable_resource_name_dns_aaaa_record_on_launch": false,
            "id": "subnet-0ea494e67738bde69",
            "ipv6_cidr_block": "",
            "ipv6_cidr_block_association_id": "",
            "ipv6_native": false,
            "map_customer_owned_ip_on_launch": false,
            "map_public_ip_on_launch": false,
            "outpost_arn": "",
            "owner_id": "506820257931",
            "private_dns_hostname_type_on_launch": "ip-name",
            "tags": {
              "Name": "Private-DB-Subnet-AZ1 (3TA)"
            },
            "tags_all": {
              "Name": "Private-DB-Subnet-AZ1 (3TA)"
            },
            "timeouts": null,
            "vpc_id": "vpc-0d5db24cc9c07063a"
          },
          "sensitive_attributes": [],
          "private": "eyJlMmJmYjczMC1lY2FhLTExZTYtOGY4OC0zNDM2M2JjN2M0YzAiOnsiY3JlYXRlIjo2MDAwMDAwMDAwMDAsImRlbGV0ZSI6MTIwMDAwMDAwMDAwMH0sInNjaGVtYV92ZXJzaW9uIjoiMSJ9",
          "dependencies": [
            "aws_vpc.threetierarch_vpc"
          ]
        }
      ]
    },
    {
      "mode": "managed",
      "type": "aws_subnet",
      "name": "private_db_subnet_az_2",
      "provider": "provider[\"registry.terraform.io/hashicorp/aws\"]",
      "instances": [
        {
          "schema_version": 1,
          "attributes": {
            "arn": "arn:aws:ec2:eu-central-1:506820257931:subnet/subnet-0fe22c96e13c9f979",
            "assign_ipv6_address_on_creation": false,
            "availability_zone": "eu-central-1b",
            "availability_zone_id": "euc1-az3",
            "cidr_block": "10.20.5.0/24",
            "customer_owned_ipv4_pool": "",
            "enable_dns64": false,
            "enable_lni_at_device_index": 0,
            "enable_resource_name_dns_a_record_on_launch": false,
            "enable_resource_name_dns_aaaa_record_on_launch": false,
            "id": "subnet-0fe22c96e13c9f979",
            "ipv6_cidr_block": "",
            "ipv6_cidr_block_association_id": "",
            "ipv6_native": false,
            "map_customer_owned_ip_on_launch": false,
            "map_public_ip_on_launch": false,
            "outpost_arn": "",
            "owner_id": "506820257931",
            "private_dns_hostname_type_on_launch": "ip-name",
            "tags": {
              "Name": "Private-DB-Subnet-AZ2 (3TA)"
            },
            "tags_all": {
              "Name": "Private-DB-Subnet-AZ2 (3TA)"
            },
            "timeouts": null,
            "vpc_id": "vpc-0d5db24cc9c07063a"
          },
          "sensitive_attributes": [],
          "private": "eyJlMmJmYjczMC1lY2FhLTExZTYtOGY4OC0zNDM2M2JjN2M0YzAiOnsiY3JlYXRlIjo2MDAwMDAwMDAwMDAsImRlbGV0ZSI6MTIwMDAwMDAwMDAwMH0sInNjaGVtYV92ZXJzaW9uIjoiMSJ9",
          "dependencies": [
            "aws_vpc.threetierarch_vpc"
          ]
        }
      ]
    },
    {
      "mode": "managed",
      "type": "aws_subnet",
      "name": "private_subnet_az_1",
      "provider": "provider[\"registry.terraform.io/hashicorp/aws\"]",
      "instances": [
        {
          "schema_version": 1,
          "attributes": {
            "arn": "arn:aws:ec2:eu-central-1:506820257931:subnet/subnet-0584fff05640b8a8f",
            "assign_ipv6_address_on_creation": false,
            "availability_zone": "eu-central-1a",
            "availability_zone_id": "euc1-az2",
            "cidr_block": "10.20.1.0/24",
            "customer_owned_ipv4_pool": "",
            "enable_dns64": false,
            "enable_lni_at_device_index": 0,
            "enable_resource_name_dns_a_record_on_launch": false,
            "enable_resource_name_dns_aaaa_record_on_launch": false,
            "id": "subnet-0584fff05640b8a8f",
            "ipv6_cidr_block": "",
            "ipv6_cidr_block_association_id": "",
            "ipv6_native": false,
            "map_customer_owned_ip_on_launch": false,
            "map_public_ip_on_launch": false,
            "outpost_arn": "",
            "owner_id": "506820257931",
            "private_dns_hostname_type_on_launch": "ip-name",
            "tags": {
              "Name": "Private-Subnet-AZ1 (3TA)"
            },
            "tags_all": {
              "Name": "Private-Subnet-AZ1 (3TA)"
            },
            "timeouts": null,
            "vpc_id": "vpc-0d5db24cc9c07063a"
          },
          "sensitive_attributes": [],
          "private": "eyJlMmJmYjczMC1lY2FhLTExZTYtOGY4OC0zNDM2M2JjN2M0YzAiOnsiY3JlYXRlIjo2MDAwMDAwMDAwMDAsImRlbGV0ZSI6MTIwMDAwMDAwMDAwMH0sInNjaGVtYV92ZXJzaW9uIjoiMSJ9",
          "dependencies": [
            "aws_vpc.threetierarch_vpc"
          ]
        }
      ]
    },
    {
      "mode": "managed",
      "type": "aws_subnet",
      "name": "private_subnet_az_2",
      "provider": "provider[\"registry.terraform.io/hashicorp/aws\"]",
      "instances": [
        {
          "schema_version": 1,
          "attributes": {
            "arn": "arn:aws:ec2:eu-central-1:506820257931:subnet/subnet-088dff1f24234fd21",
            "assign_ipv6_address_on_creation": false,
            "availability_zone": "eu-central-1b",
            "availability_zone_id": "euc1-az3",
            "cidr_block": "10.20.4.0/24",
            "customer_owned_ipv4_pool": "",
            "enable_dns64": false,
            "enable_lni_at_device_index": 0,
            "enable_resource_name_dns_a_record_on_launch": false,
            "enable_resource_name_dns_aaaa_record_on_launch": false,
            "id": "subnet-088dff1f24234fd21",
            "ipv6_cidr_block": "",
            "ipv6_cidr_block_association_id": "",
            "ipv6_native": false,
            "map_customer_owned_ip_on_launch": false,
            "map_public_ip_on_launch": false,
            "outpost_arn": "",
            "owner_id": "506820257931",
            "private_dns_hostname_type_on_launch": "ip-name",
            "tags": {
              "Name": "Private-Subnet-AZ2 (3TA)"
            },
            "tags_all": {
              "Name": "Private-Subnet-AZ2 (3TA)"
            },
            "timeouts": null,
            "vpc_id": "vpc-0d5db24cc9c07063a"
          },
          "sensitive_attributes": [],
          "private": "eyJlMmJmYjczMC1lY2FhLTExZTYtOGY4OC0zNDM2M2JjN2M0YzAiOnsiY3JlYXRlIjo2MDAwMDAwMDAwMDAsImRlbGV0ZSI6MTIwMDAwMDAwMDAwMH0sInNjaGVtYV92ZXJzaW9uIjoiMSJ9",
          "dependencies": [
            "aws_vpc.threetierarch_vpc"
          ]
        }
      ]
    },
    {
      "mode": "managed",
      "type": "aws_subnet",
      "name": "public_subnet_az_1",
      "provider": "provider[\"registry.terraform.io/hashicorp/aws\"]",
      "instances": [
        {
          "schema_version": 1,
          "attributes": {
            "arn": "arn:aws:ec2:eu-central-1:506820257931:subnet/subnet-0b8d18baaf3270830",
            "assign_ipv6_address_on_creation": false,
            "availability_zone": "eu-central-1a",
            "availability_zone_id": "euc1-az2",
            "cidr_block": "10.20.0.0/24",
            "customer_owned_ipv4_pool": "",
            "enable_dns64": false,
            "enable_lni_at_device_index": 0,
            "enable_resource_name_dns_a_record_on_launch": false,
            "enable_resource_name_dns_aaaa_record_on_launch": false,
            "id": "subnet-0b8d18baaf3270830",
            "ipv6_cidr_block": "",
            "ipv6_cidr_block_association_id": "",
            "ipv6_native": false,
            "map_customer_owned_ip_on_launch": false,
            "map_public_ip_on_launch": false,
            "outpost_arn": "",
            "owner_id": "506820257931",
            "private_dns_hostname_type_on_launch": "ip-name",
            "tags": {
              "Name": "Public-Subnet-AZ1 (3TA)"
            },
            "tags_all": {
              "Name": "Public-Subnet-AZ1 (3TA)"
            },
            "timeouts": null,
            "vpc_id": "vpc-0d5db24cc9c07063a"
          },
          "sensitive_attributes": [],
          "private": "eyJlMmJmYjczMC1lY2FhLTExZTYtOGY4OC0zNDM2M2JjN2M0YzAiOnsiY3JlYXRlIjo2MDAwMDAwMDAwMDAsImRlbGV0ZSI6MTIwMDAwMDAwMDAwMH0sInNjaGVtYV92ZXJzaW9uIjoiMSJ9",
          "dependencies": [
            "aws_vpc.threetierarch_vpc"
          ]
        }
      ]
    },
    {
      "mode": "managed",
      "type": "aws_subnet",
      "name": "public_subnet_az_2",
      "provider": "provider[\"registry.terraform.io/hashicorp/aws\"]",
      "instances": [
        {
          "schema_version": 1,
          "attributes": {
            "arn": "arn:aws:ec2:eu-central-1:506820257931:subnet/subnet-03d8d775aba0a08c3",
            "assign_ipv6_address_on_creation": false,
            "availability_zone": "eu-central-1b",
            "availability_zone_id": "euc1-az3",
            "cidr_block": "10.20.3.0/24",
            "customer_owned_ipv4_pool": "",
            "enable_dns64": false,
            "enable_lni_at_device_index": 0,
            "enable_resource_name_dns_a_record_on_launch": false,
            "enable_resource_name_dns_aaaa_record_on_launch": false,
            "id": "subnet-03d8d775aba0a08c3",
            "ipv6_cidr_block": "",
            "ipv6_cidr_block_association_id": "",
            "ipv6_native": false,
            "map_customer_owned_ip_on_launch": false,
            "map_public_ip_on_launch": false,
            "outpost_arn": "",
            "owner_id": "506820257931",
            "private_dns_hostname_type_on_launch": "ip-name",
            "tags": {
              "Name": "Public-Subnet-AZ2 (3TA)"
            },
            "tags_all": {
              "Name": "Public-Subnet-AZ2 (3TA)"
            },
            "timeouts": null,
            "vpc_id": "vpc-0d5db24cc9c07063a"
          },
          "sensitive_attributes": [],
          "private": "eyJlMmJmYjczMC1lY2FhLTExZTYtOGY4OC0zNDM2M2JjN2M0YzAiOnsiY3JlYXRlIjo2MDAwMDAwMDAwMDAsImRlbGV0ZSI6MTIwMDAwMDAwMDAwMH0sInNjaGVtYV92ZXJzaW9uIjoiMSJ9",
          "dependencies": [
            "aws_vpc.threetierarch_vpc"
          ]
        }
      ]
    },
    {
      "mode": "managed",
      "type": "aws_vpc",
      "name": "threetierarch_vpc",
      "provider": "provider[\"registry.terraform.io/hashicorp/aws\"]",
      "instances": [
        {
          "schema_version": 1,
          "attributes": {
            "arn": "arn:aws:ec2:eu-central-1:506820257931:vpc/vpc-0d5db24cc9c07063a",
            "assign_generated_ipv6_cidr_block": false,
            "cidr_block": "10.20.0.0/16",
            "default_network_acl_id": "acl-0c6048c85f123d516",
            "default_route_table_id": "rtb-04dea945a361ad001",
            "default_security_group_id": "sg-0079fe9a3bc0683e4",
            "dhcp_options_id": "dopt-02fe07f8db7afa374",
            "enable_dns_hostnames": false,
            "enable_dns_support": true,
            "enable_network_address_usage_metrics": false,
            "id": "vpc-0d5db24cc9c07063a",
            "instance_tenancy": "default",
            "ipv4_ipam_pool_id": null,
            "ipv4_netmask_length": null,
            "ipv6_association_id": "",
            "ipv6_cidr_block": "",
            "ipv6_cidr_block_network_border_group": "",
            "ipv6_ipam_pool_id": "",
            "ipv6_netmask_length": 0,
            "main_route_table_id": "rtb-04dea945a361ad001",
            "owner_id": "506820257931",
            "tags": {
              "Name": "3TA_VPC"
            },
            "tags_all": {
              "Name": "3TA_VPC"
            }
          },
          "sensitive_attributes": [],
          "private": "eyJzY2hlbWFfdmVyc2lvbiI6IjEifQ=="
        }
      ]
    }
  ],
  "check_results": null
}
